// !$*UTF8*$!
{
	archiveVersion = 1;
	classes = {
	};
	objectVersion = 46;
	objects = {

/* Begin PBXBuildFile section */
		2C8AE9DF1D5F337B0069B3BD /* main.m in Sources */ = {isa = PBXBuildFile; fileRef = 2C8AE9DE1D5F337B0069B3BD /* main.m */; };
		2C8AE9E21D5F337B0069B3BD /* AppDelegate.m in Sources */ = {isa = PBXBuildFile; fileRef = 2C8AE9E11D5F337B0069B3BD /* AppDelegate.m */; };
		2C8AE9E51D5F337B0069B3BD /* ViewController.m in Sources */ = {isa = PBXBuildFile; fileRef = 2C8AE9E41D5F337B0069B3BD /* ViewController.m */; };
		2C8AE9E81D5F337B0069B3BD /* Main.storyboard in Resources */ = {isa = PBXBuildFile; fileRef = 2C8AE9E61D5F337B0069B3BD /* Main.storyboard */; };
		2C8AE9ED1D5F337B0069B3BD /* LaunchScreen.storyboard in Resources */ = {isa = PBXBuildFile; fileRef = 2C8AE9EB1D5F337B0069B3BD /* LaunchScreen.storyboard */; };
		2C8AE9F81D5F337C0069B3BD /* kindergartenappTests.m in Sources */ = {isa = PBXBuildFile; fileRef = 2C8AE9F71D5F337C0069B3BD /* kindergartenappTests.m */; };
		2C8AEA031D5F337C0069B3BD /* kindergartenappUITests.m in Sources */ = {isa = PBXBuildFile; fileRef = 2C8AEA021D5F337C0069B3BD /* kindergartenappUITests.m */; };
		2C8AEA171D606AB90069B3BD /* UserInfo.m in Sources */ = {isa = PBXBuildFile; fileRef = 2C8AEA161D606AB90069B3BD /* UserInfo.m */; };
		2C9361A01D692E88002E5D4E /* NTButton.m in Sources */ = {isa = PBXBuildFile; fileRef = 2C93619F1D692E88002E5D4E /* NTButton.m */; };
		2C9361AD1D6930E4002E5D4E /* FirstVc.m in Sources */ = {isa = PBXBuildFile; fileRef = 2C9361AC1D6930E4002E5D4E /* FirstVc.m */; };
		2C9361B01D6930F9002E5D4E /* SecondVc.m in Sources */ = {isa = PBXBuildFile; fileRef = 2C9361AF1D6930F9002E5D4E /* SecondVc.m */; };
		2C9361B31D69312A002E5D4E /* ThirdVc.m in Sources */ = {isa = PBXBuildFile; fileRef = 2C9361B21D69312A002E5D4E /* ThirdVc.m */; };
		2C9361B81D693222002E5D4E /* FourthVc.m in Sources */ = {isa = PBXBuildFile; fileRef = 2C9361B71D693222002E5D4E /* FourthVc.m */; };
		2C9361BB1D6932AF002E5D4E /* SettingVc.m in Sources */ = {isa = PBXBuildFile; fileRef = 2C9361BA1D6932AF002E5D4E /* SettingVc.m */; };
		2C9361C41D69D5DB002E5D4E /* WebBrowserTest.m in Sources */ = {isa = PBXBuildFile; fileRef = 2C9361C31D69D5DB002E5D4E /* WebBrowserTest.m */; };
		2C9361C81D69DDF9002E5D4E /* BaseFunc.m in Sources */ = {isa = PBXBuildFile; fileRef = 2C9361C71D69DDF9002E5D4E /* BaseFunc.m */; };
		2C9361CC1D6C8B4D002E5D4E /* ParentInfo.m in Sources */ = {isa = PBXBuildFile; fileRef = 2C9361CB1D6C8B4D002E5D4E /* ParentInfo.m */; };
		2C9361CF1D6C8D44002E5D4E /* Baby.m in Sources */ = {isa = PBXBuildFile; fileRef = 2C9361CE1D6C8D44002E5D4E /* Baby.m */; };
		2C9361D51D6C8EA9002E5D4E /* Class_School.m in Sources */ = {isa = PBXBuildFile; fileRef = 2C9361D41D6C8EA9002E5D4E /* Class_School.m */; };
		2C9361D81D6C8FD7002E5D4E /* TeacherInfo.m in Sources */ = {isa = PBXBuildFile; fileRef = 2C9361D71D6C8FD7002E5D4E /* TeacherInfo.m */; };
		2C9361DA1D6F2FE9002E5D4E /* FZSEJT.ttf in Resources */ = {isa = PBXBuildFile; fileRef = 2C9361D91D6F2F5F002E5D4E /* FZSEJT.ttf */; };
		2CEBEDF01D72883F000DD832 /* tb_select.m in Sources */ = {isa = PBXBuildFile; fileRef = 2CEBEDEF1D72883F000DD832 /* tb_select.m */; };
		2CEBEDF31D72F687000DD832 /* Headmaster.m in Sources */ = {isa = PBXBuildFile; fileRef = 2CEBEDF21D72F687000DD832 /* Headmaster.m */; };
		2CEBEDF51D72FCF2000DD832 /* Assets.xcassets in Resources */ = {isa = PBXBuildFile; fileRef = 2CEBEDF41D72FCF2000DD832 /* Assets.xcassets */; };
		2CEBEE041D7C23C4000DD832 /* loading.gif in Resources */ = {isa = PBXBuildFile; fileRef = 2CEBEE031D7C23C4000DD832 /* loading.gif */; };
		2CEBEE551D7F75EB000DD832 /* BabyVC.m in Sources */ = {isa = PBXBuildFile; fileRef = 2CEBEE541D7F75EB000DD832 /* BabyVC.m */; };
		2CEBEE581D7F7611000DD832 /* ClassVC.m in Sources */ = {isa = PBXBuildFile; fileRef = 2CEBEE571D7F7611000DD832 /* ClassVC.m */; };
		2CEBEE5D1D82DF4C000DD832 /* CellLogo.m in Sources */ = {isa = PBXBuildFile; fileRef = 2CEBEE5B1D82DF4C000DD832 /* CellLogo.m */; };
		2CEBEE5E1D82DF4C000DD832 /* CellLogo.xib in Resources */ = {isa = PBXBuildFile; fileRef = 2CEBEE5C1D82DF4C000DD832 /* CellLogo.xib */; };
		2CEBEE6B1D837B8B000DD832 /* AboutVC.m in Sources */ = {isa = PBXBuildFile; fileRef = 2CEBEE6A1D837B8B000DD832 /* AboutVC.m */; };
		2CFA32361DC4ADC0005D20B4 /* SettingSetVC.m in Sources */ = {isa = PBXBuildFile; fileRef = 2CFA32351DC4ADC0005D20B4 /* SettingSetVC.m */; };
		2CFA323F1DC60C13005D20B4 /* CellBtn.m in Sources */ = {isa = PBXBuildFile; fileRef = 2CFA323D1DC60C13005D20B4 /* CellBtn.m */; };
		2CFA32401DC60C13005D20B4 /* CellBtn.xib in Resources */ = {isa = PBXBuildFile; fileRef = 2CFA323E1DC60C13005D20B4 /* CellBtn.xib */; };
		4DDB1AE24EA15B79A798639A /* libPods.a in Frameworks */ = {isa = PBXBuildFile; fileRef = B2C5BBA671F146BFEDCE513B /* libPods.a */; };
		680FB7B81D913A9B0093DA38 /* UsrCell.m in Sources */ = {isa = PBXBuildFile; fileRef = 680FB7B61D913A9B0093DA38 /* UsrCell.m */; };
		680FB7B91D913A9B0093DA38 /* UsrCell.xib in Resources */ = {isa = PBXBuildFile; fileRef = 680FB7B71D913A9B0093DA38 /* UsrCell.xib */; };
		684CB4881D6BE00A0099CEE4 /* GrayPageControl.m in Sources */ = {isa = PBXBuildFile; fileRef = 684CB4821D6BE00A0099CEE4 /* GrayPageControl.m */; };
		684CB4891D6BE00A0099CEE4 /* HcdGuideViewCell.m in Sources */ = {isa = PBXBuildFile; fileRef = 684CB4851D6BE00A0099CEE4 /* HcdGuideViewCell.m */; };
		684CB48A1D6BE00A0099CEE4 /* HcdGuideViewManager.m in Sources */ = {isa = PBXBuildFile; fileRef = 684CB4871D6BE00A0099CEE4 /* HcdGuideViewManager.m */; };
		6850643B1D9920F300DAA4D0 /* LXAlertView.m in Sources */ = {isa = PBXBuildFile; fileRef = 685064381D9920F300DAA4D0 /* LXAlertView.m */; };
		6850643C1D9920F300DAA4D0 /* UILabel+LXAdd.m in Sources */ = {isa = PBXBuildFile; fileRef = 6850643A1D9920F300DAA4D0 /* UILabel+LXAdd.m */; };
		6850643D1D9921B200DAA4D0 /* libFMDB.a in Frameworks */ = {isa = PBXBuildFile; fileRef = 68794A551D8E39BA00DF901D /* libFMDB.a */; };
		6875729C1D86358A00AEA354 /* StayTuneVC.m in Sources */ = {isa = PBXBuildFile; fileRef = 6875729B1D86358A00AEA354 /* StayTuneVC.m */; };
		6875729F1D86397E00AEA354 /* BaseVC.m in Sources */ = {isa = PBXBuildFile; fileRef = 6875729E1D86397E00AEA354 /* BaseVC.m */; };
		68794A541D8E38CB00DF901D /* DataBase.m in Sources */ = {isa = PBXBuildFile; fileRef = 68794A531D8E38CB00DF901D /* DataBase.m */; };
		6884D3631D74300600BC87F8 /* UIImage+GIF.m in Sources */ = {isa = PBXBuildFile; fileRef = 6884D3621D74300600BC87F8 /* UIImage+GIF.m */; };
		6884D3861D75489A00BC87F8 /* comboDownArrow.png in Resources */ = {isa = PBXBuildFile; fileRef = 6884D3801D75489A00BC87F8 /* comboDownArrow.png */; };
		6884D3871D75489A00BC87F8 /* comboDownArrow@2x.png in Resources */ = {isa = PBXBuildFile; fileRef = 6884D3811D75489A00BC87F8 /* comboDownArrow@2x.png */; };
		6884D3881D75489A00BC87F8 /* FSComboListView.m in Sources */ = {isa = PBXBuildFile; fileRef = 6884D3831D75489A00BC87F8 /* FSComboListView.m */; };
		6884D3891D75489A00BC87F8 /* UIImage+FSAdditions.m in Sources */ = {isa = PBXBuildFile; fileRef = 6884D3851D75489A00BC87F8 /* UIImage+FSAdditions.m */; };
		6884D38B1D75494E00BC87F8 /* libDownPicker.a in Frameworks */ = {isa = PBXBuildFile; fileRef = 6884D38A1D75494E00BC87F8 /* libDownPicker.a */; };
		6884D39A1D75623900BC87F8 /* ZLCGuidePageView.m in Sources */ = {isa = PBXBuildFile; fileRef = 6884D3941D75623900BC87F8 /* ZLCGuidePageView.m */; };
		6895AE2E1D70214C0003F2A2 /* libSDCycleScrollView.a in Frameworks */ = {isa = PBXBuildFile; fileRef = 6895AE2D1D70214C0003F2A2 /* libSDCycleScrollView.a */; };
		68B710B11D824036006F741D /* AutocompletionTableView.m in Sources */ = {isa = PBXBuildFile; fileRef = 68B710B01D824036006F741D /* AutocompletionTableView.m */; };
		68B710BA1D824D76006F741D /* MLPAutoCompleteTextField.m in Sources */ = {isa = PBXBuildFile; fileRef = 68B710B41D824D76006F741D /* MLPAutoCompleteTextField.m */; };
		68B710BB1D824D76006F741D /* NSString+Levenshtein.m in Sources */ = {isa = PBXBuildFile; fileRef = 68B710B91D824D76006F741D /* NSString+Levenshtein.m */; };
		68B710C31D826EE7006F741D /* UsrTxField.m in Sources */ = {isa = PBXBuildFile; fileRef = 68B710C21D826EE7006F741D /* UsrTxField.m */; };
		68B710CF1D8271F4006F741D /* UsrNameVC.m in Sources */ = {isa = PBXBuildFile; fileRef = 68B710CD1D8271F4006F741D /* UsrNameVC.m */; };
		68B710D01D8271F4006F741D /* UsrNameVC.xib in Resources */ = {isa = PBXBuildFile; fileRef = 68B710CE1D8271F4006F741D /* UsrNameVC.xib */; };
		68BBDEC71DC9C8AC0087CD43 /* CellSetting.m in Sources */ = {isa = PBXBuildFile; fileRef = 68BBDEC51DC9C8AC0087CD43 /* CellSetting.m */; };
		68BBDEC81DC9C8AC0087CD43 /* CellSetting.xib in Resources */ = {isa = PBXBuildFile; fileRef = 68BBDEC61DC9C8AC0087CD43 /* CellSetting.xib */; };
		68F89E051D66DFA700D2C1F0 /* libAFNetworking.a in Frameworks */ = {isa = PBXBuildFile; fileRef = 68F89E041D66DFA700D2C1F0 /* libAFNetworking.a */; };
		68F89E071D66DFAB00D2C1F0 /* libMBProgressHUD.a in Frameworks */ = {isa = PBXBuildFile; fileRef = 68F89E061D66DFAB00D2C1F0 /* libMBProgressHUD.a */; };
		68F89E091D66DFAE00D2C1F0 /* libSDWebImage.a in Frameworks */ = {isa = PBXBuildFile; fileRef = 68F89E081D66DFAE00D2C1F0 /* libSDWebImage.a */; };
		68F89E121D66F1E900D2C1F0 /* Reachability.m in Sources */ = {isa = PBXBuildFile; fileRef = 68F89E0F1D66F1E900D2C1F0 /* Reachability.m */; };
		68F89E131D66F1E900D2C1F0 /* YBMonitorNetWorkState.m in Sources */ = {isa = PBXBuildFile; fileRef = 68F89E111D66F1E900D2C1F0 /* YBMonitorNetWorkState.m */; };
		68F89E171D67057A00D2C1F0 /* MainTabController.m in Sources */ = {isa = PBXBuildFile; fileRef = 68F89E161D67057A00D2C1F0 /* MainTabController.m */; };
/* End PBXBuildFile section */

/* Begin PBXContainerItemProxy section */
		2C8AE9F41D5F337C0069B3BD /* PBXContainerItemProxy */ = {
			isa = PBXContainerItemProxy;
			containerPortal = 2C8AE9D21D5F337B0069B3BD /* Project object */;
			proxyType = 1;
			remoteGlobalIDString = 2C8AE9D91D5F337B0069B3BD;
			remoteInfo = kindergartenapp;
		};
		2C8AE9FF1D5F337C0069B3BD /* PBXContainerItemProxy */ = {
			isa = PBXContainerItemProxy;
			containerPortal = 2C8AE9D21D5F337B0069B3BD /* Project object */;
			proxyType = 1;
			remoteGlobalIDString = 2C8AE9D91D5F337B0069B3BD;
			remoteInfo = kindergartenapp;
		};
/* End PBXContainerItemProxy section */

/* Begin PBXFileReference section */
		2C8AE9DA1D5F337B0069B3BD /* kindergartenapp.app */ = {isa = PBXFileReference; explicitFileType = wrapper.application; includeInIndex = 0; path = kindergartenapp.app; sourceTree = BUILT_PRODUCTS_DIR; };
		2C8AE9DE1D5F337B0069B3BD /* main.m */ = {isa = PBXFileReference; lastKnownFileType = sourcecode.c.objc; path = main.m; sourceTree = "<group>"; };
		2C8AE9E01D5F337B0069B3BD /* AppDelegate.h */ = {isa = PBXFileReference; lastKnownFileType = sourcecode.c.h; path = AppDelegate.h; sourceTree = "<group>"; };
		2C8AE9E11D5F337B0069B3BD /* AppDelegate.m */ = {isa = PBXFileReference; lastKnownFileType = sourcecode.c.objc; path = AppDelegate.m; sourceTree = "<group>"; };
		2C8AE9E31D5F337B0069B3BD /* ViewController.h */ = {isa = PBXFileReference; lastKnownFileType = sourcecode.c.h; path = ViewController.h; sourceTree = "<group>"; };
		2C8AE9E41D5F337B0069B3BD /* ViewController.m */ = {isa = PBXFileReference; lastKnownFileType = sourcecode.c.objc; path = ViewController.m; sourceTree = "<group>"; };
		2C8AE9E71D5F337B0069B3BD /* Base */ = {isa = PBXFileReference; lastKnownFileType = file.storyboard; name = Base; path = Base.lproj/Main.storyboard; sourceTree = "<group>"; };
		2C8AE9EC1D5F337B0069B3BD /* Base */ = {isa = PBXFileReference; lastKnownFileType = file.storyboard; name = Base; path = Base.lproj/LaunchScreen.storyboard; sourceTree = "<group>"; };
		2C8AE9EE1D5F337B0069B3BD /* Info.plist */ = {isa = PBXFileReference; lastKnownFileType = text.plist.xml; path = Info.plist; sourceTree = "<group>"; };
		2C8AE9F31D5F337C0069B3BD /* kindergartenappTests.xctest */ = {isa = PBXFileReference; explicitFileType = wrapper.cfbundle; includeInIndex = 0; path = kindergartenappTests.xctest; sourceTree = BUILT_PRODUCTS_DIR; };
		2C8AE9F71D5F337C0069B3BD /* kindergartenappTests.m */ = {isa = PBXFileReference; lastKnownFileType = sourcecode.c.objc; path = kindergartenappTests.m; sourceTree = "<group>"; };
		2C8AE9F91D5F337C0069B3BD /* Info.plist */ = {isa = PBXFileReference; lastKnownFileType = text.plist.xml; path = Info.plist; sourceTree = "<group>"; };
		2C8AE9FE1D5F337C0069B3BD /* kindergartenappUITests.xctest */ = {isa = PBXFileReference; explicitFileType = wrapper.cfbundle; includeInIndex = 0; path = kindergartenappUITests.xctest; sourceTree = BUILT_PRODUCTS_DIR; };
		2C8AEA021D5F337C0069B3BD /* kindergartenappUITests.m */ = {isa = PBXFileReference; lastKnownFileType = sourcecode.c.objc; path = kindergartenappUITests.m; sourceTree = "<group>"; };
		2C8AEA041D5F337C0069B3BD /* Info.plist */ = {isa = PBXFileReference; lastKnownFileType = text.plist.xml; path = Info.plist; sourceTree = "<group>"; };
		2C8AEA151D606AB90069B3BD /* UserInfo.h */ = {isa = PBXFileReference; fileEncoding = 4; lastKnownFileType = sourcecode.c.h; name = UserInfo.h; path = Common/UserInfo.h; sourceTree = "<group>"; };
		2C8AEA161D606AB90069B3BD /* UserInfo.m */ = {isa = PBXFileReference; fileEncoding = 4; lastKnownFileType = sourcecode.c.objc; name = UserInfo.m; path = Common/UserInfo.m; sourceTree = "<group>"; };
		2C93619E1D692E88002E5D4E /* NTButton.h */ = {isa = PBXFileReference; fileEncoding = 4; lastKnownFileType = sourcecode.c.h; path = NTButton.h; sourceTree = "<group>"; };
		2C93619F1D692E88002E5D4E /* NTButton.m */ = {isa = PBXFileReference; fileEncoding = 4; lastKnownFileType = sourcecode.c.objc; path = NTButton.m; sourceTree = "<group>"; };
		2C9361AB1D6930E4002E5D4E /* FirstVc.h */ = {isa = PBXFileReference; fileEncoding = 4; lastKnownFileType = sourcecode.c.h; name = FirstVc.h; path = View/FirstVc/FirstVc.h; sourceTree = "<group>"; };
		2C9361AC1D6930E4002E5D4E /* FirstVc.m */ = {isa = PBXFileReference; fileEncoding = 4; lastKnownFileType = sourcecode.c.objc; name = FirstVc.m; path = View/FirstVc/FirstVc.m; sourceTree = "<group>"; };
		2C9361AE1D6930F9002E5D4E /* SecondVc.h */ = {isa = PBXFileReference; fileEncoding = 4; lastKnownFileType = sourcecode.c.h; name = SecondVc.h; path = View/SecondVc/SecondVc.h; sourceTree = "<group>"; };
		2C9361AF1D6930F9002E5D4E /* SecondVc.m */ = {isa = PBXFileReference; fileEncoding = 4; lastKnownFileType = sourcecode.c.objc; name = SecondVc.m; path = View/SecondVc/SecondVc.m; sourceTree = "<group>"; };
		2C9361B11D69312A002E5D4E /* ThirdVc.h */ = {isa = PBXFileReference; fileEncoding = 4; lastKnownFileType = sourcecode.c.h; name = ThirdVc.h; path = View/ThirdVc/ThirdVc.h; sourceTree = "<group>"; };
		2C9361B21D69312A002E5D4E /* ThirdVc.m */ = {isa = PBXFileReference; fileEncoding = 4; lastKnownFileType = sourcecode.c.objc; name = ThirdVc.m; path = View/ThirdVc/ThirdVc.m; sourceTree = "<group>"; };
		2C9361B61D693222002E5D4E /* FourthVc.h */ = {isa = PBXFileReference; fileEncoding = 4; lastKnownFileType = sourcecode.c.h; name = FourthVc.h; path = View/FourthVc/Controller/FourthVc.h; sourceTree = "<group>"; };
		2C9361B71D693222002E5D4E /* FourthVc.m */ = {isa = PBXFileReference; fileEncoding = 4; lastKnownFileType = sourcecode.c.objc; name = FourthVc.m; path = View/FourthVc/Controller/FourthVc.m; sourceTree = "<group>"; };
		2C9361B91D6932AF002E5D4E /* SettingVc.h */ = {isa = PBXFileReference; fileEncoding = 4; lastKnownFileType = sourcecode.c.h; name = SettingVc.h; path = View/SettingVc/SettingVc.h; sourceTree = "<group>"; };
		2C9361BA1D6932AF002E5D4E /* SettingVc.m */ = {isa = PBXFileReference; fileEncoding = 4; lastKnownFileType = sourcecode.c.objc; name = SettingVc.m; path = View/SettingVc/SettingVc.m; sourceTree = "<group>"; };
		2C9361C21D69D5DB002E5D4E /* WebBrowserTest.h */ = {isa = PBXFileReference; fileEncoding = 4; lastKnownFileType = sourcecode.c.h; name = WebBrowserTest.h; path = View/FirstVc/WebBrowserTest.h; sourceTree = "<group>"; };
		2C9361C31D69D5DB002E5D4E /* WebBrowserTest.m */ = {isa = PBXFileReference; fileEncoding = 4; lastKnownFileType = sourcecode.c.objc; name = WebBrowserTest.m; path = View/FirstVc/WebBrowserTest.m; sourceTree = "<group>"; };
		2C9361C61D69DDF9002E5D4E /* BaseFunc.h */ = {isa = PBXFileReference; fileEncoding = 4; lastKnownFileType = sourcecode.c.h; name = BaseFunc.h; path = Common/BaseFunc.h; sourceTree = "<group>"; };
		2C9361C71D69DDF9002E5D4E /* BaseFunc.m */ = {isa = PBXFileReference; fileEncoding = 4; lastKnownFileType = sourcecode.c.objc; name = BaseFunc.m; path = Common/BaseFunc.m; sourceTree = "<group>"; };
		2C9361CA1D6C8B4D002E5D4E /* ParentInfo.h */ = {isa = PBXFileReference; fileEncoding = 4; lastKnownFileType = sourcecode.c.h; name = ParentInfo.h; path = Common/UserAddition/ParentInfo.h; sourceTree = "<group>"; };
		2C9361CB1D6C8B4D002E5D4E /* ParentInfo.m */ = {isa = PBXFileReference; fileEncoding = 4; lastKnownFileType = sourcecode.c.objc; name = ParentInfo.m; path = Common/UserAddition/ParentInfo.m; sourceTree = "<group>"; };
		2C9361CD1D6C8D44002E5D4E /* Baby.h */ = {isa = PBXFileReference; fileEncoding = 4; lastKnownFileType = sourcecode.c.h; name = Baby.h; path = Common/UserAddition/Baby.h; sourceTree = "<group>"; };
		2C9361CE1D6C8D44002E5D4E /* Baby.m */ = {isa = PBXFileReference; fileEncoding = 4; lastKnownFileType = sourcecode.c.objc; name = Baby.m; path = Common/UserAddition/Baby.m; sourceTree = "<group>"; };
		2C9361D31D6C8EA9002E5D4E /* Class_School.h */ = {isa = PBXFileReference; fileEncoding = 4; lastKnownFileType = sourcecode.c.h; name = Class_School.h; path = Common/UserAddition/Class_School.h; sourceTree = "<group>"; };
		2C9361D41D6C8EA9002E5D4E /* Class_School.m */ = {isa = PBXFileReference; fileEncoding = 4; lastKnownFileType = sourcecode.c.objc; name = Class_School.m; path = Common/UserAddition/Class_School.m; sourceTree = "<group>"; };
		2C9361D61D6C8FD7002E5D4E /* TeacherInfo.h */ = {isa = PBXFileReference; fileEncoding = 4; lastKnownFileType = sourcecode.c.h; name = TeacherInfo.h; path = Common/UserAddition/TeacherInfo.h; sourceTree = "<group>"; };
		2C9361D71D6C8FD7002E5D4E /* TeacherInfo.m */ = {isa = PBXFileReference; fileEncoding = 4; lastKnownFileType = sourcecode.c.objc; name = TeacherInfo.m; path = Common/UserAddition/TeacherInfo.m; sourceTree = "<group>"; };
		2C9361D91D6F2F5F002E5D4E /* FZSEJT.ttf */ = {isa = PBXFileReference; lastKnownFileType = file; path = FZSEJT.ttf; sourceTree = "<group>"; };
		2C9361DB1D710FBF002E5D4E /* libMJRefresh.a */ = {isa = PBXFileReference; lastKnownFileType = archive.ar; name = libMJRefresh.a; path = "Pods/../build/Debug-iphoneos/libMJRefresh.a"; sourceTree = "<group>"; };
		2C9361DD1D725EC9002E5D4E /* 楷体_GB2312.ttf */ = {isa = PBXFileReference; lastKnownFileType = file; path = "楷体_GB2312.ttf"; sourceTree = "<group>"; };
		2C9361DF1D7267FA002E5D4E /* WxHxD.h */ = {isa = PBXFileReference; lastKnownFileType = sourcecode.c.h; path = WxHxD.h; sourceTree = "<group>"; };
		2C9361E01D7268FD002E5D4E /* PrefixHeader.pch */ = {isa = PBXFileReference; lastKnownFileType = sourcecode.c.h; path = PrefixHeader.pch; sourceTree = "<group>"; };
		2CEBEDEE1D72883F000DD832 /* tb_select.h */ = {isa = PBXFileReference; fileEncoding = 4; lastKnownFileType = sourcecode.c.h; name = tb_select.h; path = View/FirstVc/tb_select.h; sourceTree = "<group>"; };
		2CEBEDEF1D72883F000DD832 /* tb_select.m */ = {isa = PBXFileReference; fileEncoding = 4; lastKnownFileType = sourcecode.c.objc; name = tb_select.m; path = View/FirstVc/tb_select.m; sourceTree = "<group>"; };
		2CEBEDF11D72F687000DD832 /* Headmaster.h */ = {isa = PBXFileReference; fileEncoding = 4; lastKnownFileType = sourcecode.c.h; name = Headmaster.h; path = Common/UserAddition/Headmaster.h; sourceTree = "<group>"; };
		2CEBEDF21D72F687000DD832 /* Headmaster.m */ = {isa = PBXFileReference; fileEncoding = 4; lastKnownFileType = sourcecode.c.objc; name = Headmaster.m; path = Common/UserAddition/Headmaster.m; sourceTree = "<group>"; };
		2CEBEDF41D72FCF2000DD832 /* Assets.xcassets */ = {isa = PBXFileReference; lastKnownFileType = folder.assetcatalog; path = Assets.xcassets; sourceTree = "<group>"; };
		2CEBEE031D7C23C4000DD832 /* loading.gif */ = {isa = PBXFileReference; lastKnownFileType = image.gif; path = loading.gif; sourceTree = "<group>"; };
		2CEBEE531D7F75EB000DD832 /* BabyVC.h */ = {isa = PBXFileReference; fileEncoding = 4; lastKnownFileType = sourcecode.c.h; name = BabyVC.h; path = View/FirstVc/BabyVC.h; sourceTree = "<group>"; };
		2CEBEE541D7F75EB000DD832 /* BabyVC.m */ = {isa = PBXFileReference; fileEncoding = 4; lastKnownFileType = sourcecode.c.objc; name = BabyVC.m; path = View/FirstVc/BabyVC.m; sourceTree = "<group>"; };
		2CEBEE561D7F7611000DD832 /* ClassVC.h */ = {isa = PBXFileReference; fileEncoding = 4; lastKnownFileType = sourcecode.c.h; name = ClassVC.h; path = View/FirstVc/ClassVC.h; sourceTree = "<group>"; };
		2CEBEE571D7F7611000DD832 /* ClassVC.m */ = {isa = PBXFileReference; fileEncoding = 4; lastKnownFileType = sourcecode.c.objc; name = ClassVC.m; path = View/FirstVc/ClassVC.m; sourceTree = "<group>"; };
		2CEBEE5A1D82DF4C000DD832 /* CellLogo.h */ = {isa = PBXFileReference; fileEncoding = 4; lastKnownFileType = sourcecode.c.h; name = CellLogo.h; path = View/SettingVc/Modal/CellLogo.h; sourceTree = "<group>"; };
		2CEBEE5B1D82DF4C000DD832 /* CellLogo.m */ = {isa = PBXFileReference; fileEncoding = 4; lastKnownFileType = sourcecode.c.objc; name = CellLogo.m; path = View/SettingVc/Modal/CellLogo.m; sourceTree = "<group>"; };
		2CEBEE5C1D82DF4C000DD832 /* CellLogo.xib */ = {isa = PBXFileReference; fileEncoding = 4; lastKnownFileType = file.xib; name = CellLogo.xib; path = View/SettingVc/Modal/CellLogo.xib; sourceTree = "<group>"; };
		2CEBEE691D837B8B000DD832 /* AboutVC.h */ = {isa = PBXFileReference; fileEncoding = 4; lastKnownFileType = sourcecode.c.h; name = AboutVC.h; path = View/SettingVc/AboutVC.h; sourceTree = "<group>"; };
		2CEBEE6A1D837B8B000DD832 /* AboutVC.m */ = {isa = PBXFileReference; fileEncoding = 4; lastKnownFileType = sourcecode.c.objc; name = AboutVC.m; path = View/SettingVc/AboutVC.m; sourceTree = "<group>"; };
		2CFA32341DC4ADC0005D20B4 /* SettingSetVC.h */ = {isa = PBXFileReference; fileEncoding = 4; lastKnownFileType = sourcecode.c.h; name = SettingSetVC.h; path = View/SettingVc/SettingSetVC.h; sourceTree = "<group>"; };
		2CFA32351DC4ADC0005D20B4 /* SettingSetVC.m */ = {isa = PBXFileReference; fileEncoding = 4; lastKnownFileType = sourcecode.c.objc; name = SettingSetVC.m; path = View/SettingVc/SettingSetVC.m; sourceTree = "<group>"; };
		2CFA323C1DC60C13005D20B4 /* CellBtn.h */ = {isa = PBXFileReference; fileEncoding = 4; lastKnownFileType = sourcecode.c.h; name = CellBtn.h; path = View/SettingVc/Modal/CellBtn.h; sourceTree = "<group>"; };
		2CFA323D1DC60C13005D20B4 /* CellBtn.m */ = {isa = PBXFileReference; fileEncoding = 4; lastKnownFileType = sourcecode.c.objc; name = CellBtn.m; path = View/SettingVc/Modal/CellBtn.m; sourceTree = "<group>"; };
		2CFA323E1DC60C13005D20B4 /* CellBtn.xib */ = {isa = PBXFileReference; fileEncoding = 4; lastKnownFileType = file.xib; name = CellBtn.xib; path = View/SettingVc/Modal/CellBtn.xib; sourceTree = "<group>"; };
		680FB7B51D913A9B0093DA38 /* UsrCell.h */ = {isa = PBXFileReference; fileEncoding = 4; lastKnownFileType = sourcecode.c.h; name = UsrCell.h; path = Login/Modal/UsrCell.h; sourceTree = "<group>"; };
		680FB7B61D913A9B0093DA38 /* UsrCell.m */ = {isa = PBXFileReference; fileEncoding = 4; lastKnownFileType = sourcecode.c.objc; name = UsrCell.m; path = Login/Modal/UsrCell.m; sourceTree = "<group>"; };
		680FB7B71D913A9B0093DA38 /* UsrCell.xib */ = {isa = PBXFileReference; fileEncoding = 4; lastKnownFileType = file.xib; name = UsrCell.xib; path = Login/Modal/UsrCell.xib; sourceTree = "<group>"; };
		684CB4811D6BE00A0099CEE4 /* GrayPageControl.h */ = {isa = PBXFileReference; fileEncoding = 4; lastKnownFileType = sourcecode.c.h; path = GrayPageControl.h; sourceTree = "<group>"; };
		684CB4821D6BE00A0099CEE4 /* GrayPageControl.m */ = {isa = PBXFileReference; fileEncoding = 4; lastKnownFileType = sourcecode.c.objc; path = GrayPageControl.m; sourceTree = "<group>"; };
		684CB4831D6BE00A0099CEE4 /* HcdGuideView.h */ = {isa = PBXFileReference; fileEncoding = 4; lastKnownFileType = sourcecode.c.h; path = HcdGuideView.h; sourceTree = "<group>"; };
		684CB4841D6BE00A0099CEE4 /* HcdGuideViewCell.h */ = {isa = PBXFileReference; fileEncoding = 4; lastKnownFileType = sourcecode.c.h; path = HcdGuideViewCell.h; sourceTree = "<group>"; };
		684CB4851D6BE00A0099CEE4 /* HcdGuideViewCell.m */ = {isa = PBXFileReference; fileEncoding = 4; lastKnownFileType = sourcecode.c.objc; path = HcdGuideViewCell.m; sourceTree = "<group>"; };
		684CB4861D6BE00A0099CEE4 /* HcdGuideViewManager.h */ = {isa = PBXFileReference; fileEncoding = 4; lastKnownFileType = sourcecode.c.h; path = HcdGuideViewManager.h; sourceTree = "<group>"; };
		684CB4871D6BE00A0099CEE4 /* HcdGuideViewManager.m */ = {isa = PBXFileReference; fileEncoding = 4; lastKnownFileType = sourcecode.c.objc; path = HcdGuideViewManager.m; sourceTree = "<group>"; };
		685064371D9920F300DAA4D0 /* LXAlertView.h */ = {isa = PBXFileReference; fileEncoding = 4; lastKnownFileType = sourcecode.c.h; path = LXAlertView.h; sourceTree = "<group>"; };
		685064381D9920F300DAA4D0 /* LXAlertView.m */ = {isa = PBXFileReference; fileEncoding = 4; lastKnownFileType = sourcecode.c.objc; path = LXAlertView.m; sourceTree = "<group>"; };
		685064391D9920F300DAA4D0 /* UILabel+LXAdd.h */ = {isa = PBXFileReference; fileEncoding = 4; lastKnownFileType = sourcecode.c.h; path = "UILabel+LXAdd.h"; sourceTree = "<group>"; };
		6850643A1D9920F300DAA4D0 /* UILabel+LXAdd.m */ = {isa = PBXFileReference; fileEncoding = 4; lastKnownFileType = sourcecode.c.objc; path = "UILabel+LXAdd.m"; sourceTree = "<group>"; };
		6875729A1D86358A00AEA354 /* StayTuneVC.h */ = {isa = PBXFileReference; fileEncoding = 4; lastKnownFileType = sourcecode.c.h; name = StayTuneVC.h; path = View/SecondVc/StayTuneVC.h; sourceTree = "<group>"; };
		6875729B1D86358A00AEA354 /* StayTuneVC.m */ = {isa = PBXFileReference; fileEncoding = 4; lastKnownFileType = sourcecode.c.objc; name = StayTuneVC.m; path = View/SecondVc/StayTuneVC.m; sourceTree = "<group>"; };
		6875729D1D86397E00AEA354 /* BaseVC.h */ = {isa = PBXFileReference; fileEncoding = 4; lastKnownFileType = sourcecode.c.h; name = BaseVC.h; path = Common/BaseVC.h; sourceTree = "<group>"; };
		6875729E1D86397E00AEA354 /* BaseVC.m */ = {isa = PBXFileReference; fileEncoding = 4; lastKnownFileType = sourcecode.c.objc; name = BaseVC.m; path = Common/BaseVC.m; sourceTree = "<group>"; };
		68794A521D8E38CB00DF901D /* DataBase.h */ = {isa = PBXFileReference; fileEncoding = 4; lastKnownFileType = sourcecode.c.h; name = DataBase.h; path = Common/DataBase/DataBase.h; sourceTree = "<group>"; };
		68794A531D8E38CB00DF901D /* DataBase.m */ = {isa = PBXFileReference; fileEncoding = 4; lastKnownFileType = sourcecode.c.objc; name = DataBase.m; path = Common/DataBase/DataBase.m; sourceTree = "<group>"; };
		68794A551D8E39BA00DF901D /* libFMDB.a */ = {isa = PBXFileReference; lastKnownFileType = archive.ar; name = libFMDB.a; path = "../../Library/Developer/Xcode/DerivedData/kindergartenapp-erviqgsjzuezvweuxxgwyjysxxzl/Build/Products/Debug-iphonesimulator/libFMDB.a"; sourceTree = "<group>"; };
		6884D3611D74300600BC87F8 /* UIImage+GIF.h */ = {isa = PBXFileReference; fileEncoding = 4; lastKnownFileType = sourcecode.c.h; path = "UIImage+GIF.h"; sourceTree = "<group>"; };
		6884D3621D74300600BC87F8 /* UIImage+GIF.m */ = {isa = PBXFileReference; fileEncoding = 4; lastKnownFileType = sourcecode.c.objc; path = "UIImage+GIF.m"; sourceTree = "<group>"; };
		6884D3641D750BC200BC87F8 /* libAKLookups.a */ = {isa = PBXFileReference; lastKnownFileType = archive.ar; name = libAKLookups.a; path = "Pods/../build/Debug-iphoneos/libAKLookups.a"; sourceTree = "<group>"; };
		6884D3801D75489A00BC87F8 /* comboDownArrow.png */ = {isa = PBXFileReference; lastKnownFileType = image.png; path = comboDownArrow.png; sourceTree = "<group>"; };
		6884D3811D75489A00BC87F8 /* comboDownArrow@2x.png */ = {isa = PBXFileReference; lastKnownFileType = image.png; path = "comboDownArrow@2x.png"; sourceTree = "<group>"; };
		6884D3821D75489A00BC87F8 /* FSComboListView.h */ = {isa = PBXFileReference; fileEncoding = 4; lastKnownFileType = sourcecode.c.h; path = FSComboListView.h; sourceTree = "<group>"; };
		6884D3831D75489A00BC87F8 /* FSComboListView.m */ = {isa = PBXFileReference; fileEncoding = 4; lastKnownFileType = sourcecode.c.objc; path = FSComboListView.m; sourceTree = "<group>"; };
		6884D3841D75489A00BC87F8 /* UIImage+FSAdditions.h */ = {isa = PBXFileReference; fileEncoding = 4; lastKnownFileType = sourcecode.c.h; path = "UIImage+FSAdditions.h"; sourceTree = "<group>"; };
		6884D3851D75489A00BC87F8 /* UIImage+FSAdditions.m */ = {isa = PBXFileReference; fileEncoding = 4; lastKnownFileType = sourcecode.c.objc; path = "UIImage+FSAdditions.m"; sourceTree = "<group>"; };
		6884D38A1D75494E00BC87F8 /* libDownPicker.a */ = {isa = PBXFileReference; lastKnownFileType = archive.ar; name = libDownPicker.a; path = "Pods/../build/Debug-iphoneos/libDownPicker.a"; sourceTree = "<group>"; };
		6884D3931D75623900BC87F8 /* ZLCGuidePageView.h */ = {isa = PBXFileReference; fileEncoding = 4; lastKnownFileType = sourcecode.c.h; path = ZLCGuidePageView.h; sourceTree = "<group>"; };
		6884D3941D75623900BC87F8 /* ZLCGuidePageView.m */ = {isa = PBXFileReference; fileEncoding = 4; lastKnownFileType = sourcecode.c.objc; path = ZLCGuidePageView.m; sourceTree = "<group>"; };
		6895AE2D1D70214C0003F2A2 /* libSDCycleScrollView.a */ = {isa = PBXFileReference; lastKnownFileType = archive.ar; name = libSDCycleScrollView.a; path = "../../Library/Developer/Xcode/DerivedData/kindergartenapp-erviqgsjzuezvweuxxgwyjysxxzl/Build/Products/Debug-iphonesimulator/libSDCycleScrollView.a"; sourceTree = "<group>"; };
		68B710AF1D824036006F741D /* AutocompletionTableView.h */ = {isa = PBXFileReference; fileEncoding = 4; lastKnownFileType = sourcecode.c.h; name = AutocompletionTableView.h; path = Login/Modal/AutocompletionTableView.h; sourceTree = "<group>"; };
		68B710B01D824036006F741D /* AutocompletionTableView.m */ = {isa = PBXFileReference; fileEncoding = 4; lastKnownFileType = sourcecode.c.objc; name = AutocompletionTableView.m; path = Login/Modal/AutocompletionTableView.m; sourceTree = "<group>"; };
		68B710B31D824D76006F741D /* MLPAutoCompleteTextField.h */ = {isa = PBXFileReference; fileEncoding = 4; lastKnownFileType = sourcecode.c.h; path = MLPAutoCompleteTextField.h; sourceTree = "<group>"; };
		68B710B41D824D76006F741D /* MLPAutoCompleteTextField.m */ = {isa = PBXFileReference; fileEncoding = 4; lastKnownFileType = sourcecode.c.objc; path = MLPAutoCompleteTextField.m; sourceTree = "<group>"; };
		68B710B51D824D76006F741D /* MLPAutoCompleteTextFieldDataSource.h */ = {isa = PBXFileReference; fileEncoding = 4; lastKnownFileType = sourcecode.c.h; path = MLPAutoCompleteTextFieldDataSource.h; sourceTree = "<group>"; };
		68B710B61D824D76006F741D /* MLPAutoCompleteTextFieldDelegate.h */ = {isa = PBXFileReference; fileEncoding = 4; lastKnownFileType = sourcecode.c.h; path = MLPAutoCompleteTextFieldDelegate.h; sourceTree = "<group>"; };
		68B710B71D824D76006F741D /* MLPAutoCompletionObject.h */ = {isa = PBXFileReference; fileEncoding = 4; lastKnownFileType = sourcecode.c.h; path = MLPAutoCompletionObject.h; sourceTree = "<group>"; };
		68B710B81D824D76006F741D /* NSString+Levenshtein.h */ = {isa = PBXFileReference; fileEncoding = 4; lastKnownFileType = sourcecode.c.h; path = "NSString+Levenshtein.h"; sourceTree = "<group>"; };
		68B710B91D824D76006F741D /* NSString+Levenshtein.m */ = {isa = PBXFileReference; fileEncoding = 4; lastKnownFileType = sourcecode.c.objc; path = "NSString+Levenshtein.m"; sourceTree = "<group>"; };
		68B710C11D826EE7006F741D /* UsrTxField.h */ = {isa = PBXFileReference; fileEncoding = 4; lastKnownFileType = sourcecode.c.h; name = UsrTxField.h; path = Login/Modal/UsrTxField.h; sourceTree = "<group>"; };
		68B710C21D826EE7006F741D /* UsrTxField.m */ = {isa = PBXFileReference; fileEncoding = 4; lastKnownFileType = sourcecode.c.objc; name = UsrTxField.m; path = Login/Modal/UsrTxField.m; sourceTree = "<group>"; };
		68B710CC1D8271F4006F741D /* UsrNameVC.h */ = {isa = PBXFileReference; fileEncoding = 4; lastKnownFileType = sourcecode.c.h; path = UsrNameVC.h; sourceTree = "<group>"; };
		68B710CD1D8271F4006F741D /* UsrNameVC.m */ = {isa = PBXFileReference; fileEncoding = 4; lastKnownFileType = sourcecode.c.objc; path = UsrNameVC.m; sourceTree = "<group>"; };
		68B710CE1D8271F4006F741D /* UsrNameVC.xib */ = {isa = PBXFileReference; fileEncoding = 4; lastKnownFileType = file.xib; path = UsrNameVC.xib; sourceTree = "<group>"; };
		68BBDEC41DC9C8AC0087CD43 /* CellSetting.h */ = {isa = PBXFileReference; fileEncoding = 4; lastKnownFileType = sourcecode.c.h; name = CellSetting.h; path = View/SettingVc/Modal/CellSetting.h; sourceTree = "<group>"; };
		68BBDEC51DC9C8AC0087CD43 /* CellSetting.m */ = {isa = PBXFileReference; fileEncoding = 4; lastKnownFileType = sourcecode.c.objc; name = CellSetting.m; path = View/SettingVc/Modal/CellSetting.m; sourceTree = "<group>"; };
		68BBDEC61DC9C8AC0087CD43 /* CellSetting.xib */ = {isa = PBXFileReference; fileEncoding = 4; lastKnownFileType = file.xib; name = CellSetting.xib; path = View/SettingVc/Modal/CellSetting.xib; sourceTree = "<group>"; };
		68F89E041D66DFA700D2C1F0 /* libAFNetworking.a */ = {isa = PBXFileReference; lastKnownFileType = archive.ar; name = libAFNetworking.a; path = "Pods/../build/Debug-iphoneos/libAFNetworking.a"; sourceTree = "<group>"; };
		68F89E061D66DFAB00D2C1F0 /* libMBProgressHUD.a */ = {isa = PBXFileReference; lastKnownFileType = archive.ar; name = libMBProgressHUD.a; path = "Pods/../build/Debug-iphoneos/libMBProgressHUD.a"; sourceTree = "<group>"; };
		68F89E081D66DFAE00D2C1F0 /* libSDWebImage.a */ = {isa = PBXFileReference; lastKnownFileType = archive.ar; name = libSDWebImage.a; path = "Pods/../build/Debug-iphoneos/libSDWebImage.a"; sourceTree = "<group>"; };
		68F89E0E1D66F1E900D2C1F0 /* Reachability.h */ = {isa = PBXFileReference; fileEncoding = 4; lastKnownFileType = sourcecode.c.h; path = Reachability.h; sourceTree = "<group>"; };
		68F89E0F1D66F1E900D2C1F0 /* Reachability.m */ = {isa = PBXFileReference; fileEncoding = 4; lastKnownFileType = sourcecode.c.objc; path = Reachability.m; sourceTree = "<group>"; };
		68F89E101D66F1E900D2C1F0 /* YBMonitorNetWorkState.h */ = {isa = PBXFileReference; fileEncoding = 4; lastKnownFileType = sourcecode.c.h; path = YBMonitorNetWorkState.h; sourceTree = "<group>"; };
		68F89E111D66F1E900D2C1F0 /* YBMonitorNetWorkState.m */ = {isa = PBXFileReference; fileEncoding = 4; lastKnownFileType = sourcecode.c.objc; path = YBMonitorNetWorkState.m; sourceTree = "<group>"; };
		68F89E151D67057A00D2C1F0 /* MainTabController.h */ = {isa = PBXFileReference; fileEncoding = 4; lastKnownFileType = sourcecode.c.h; name = MainTabController.h; path = MainController/MainTabController.h; sourceTree = "<group>"; };
		68F89E161D67057A00D2C1F0 /* MainTabController.m */ = {isa = PBXFileReference; fileEncoding = 4; lastKnownFileType = sourcecode.c.objc; name = MainTabController.m; path = MainController/MainTabController.m; sourceTree = "<group>"; };
		B2C5BBA671F146BFEDCE513B /* libPods.a */ = {isa = PBXFileReference; explicitFileType = archive.ar; includeInIndex = 0; path = libPods.a; sourceTree = BUILT_PRODUCTS_DIR; };
		D359E4B71E491FD71813096F /* Pods.debug.xcconfig */ = {isa = PBXFileReference; includeInIndex = 1; lastKnownFileType = text.xcconfig; name = Pods.debug.xcconfig; path = "Pods/Target Support Files/Pods/Pods.debug.xcconfig"; sourceTree = "<group>"; };
		D5D1F35B18B696CBA04EA63B /* Pods.release.xcconfig */ = {isa = PBXFileReference; includeInIndex = 1; lastKnownFileType = text.xcconfig; name = Pods.release.xcconfig; path = "Pods/Target Support Files/Pods/Pods.release.xcconfig"; sourceTree = "<group>"; };
/* End PBXFileReference section */

/* Begin PBXFrameworksBuildPhase section */
		2C8AE9D71D5F337B0069B3BD /* Frameworks */ = {
			isa = PBXFrameworksBuildPhase;
			buildActionMask = 2147483647;
			files = (
				6850643D1D9921B200DAA4D0 /* libFMDB.a in Frameworks */,
				6884D38B1D75494E00BC87F8 /* libDownPicker.a in Frameworks */,
				6895AE2E1D70214C0003F2A2 /* libSDCycleScrollView.a in Frameworks */,
				68F89E091D66DFAE00D2C1F0 /* libSDWebImage.a in Frameworks */,
				68F89E071D66DFAB00D2C1F0 /* libMBProgressHUD.a in Frameworks */,
				68F89E051D66DFA700D2C1F0 /* libAFNetworking.a in Frameworks */,
				4DDB1AE24EA15B79A798639A /* libPods.a in Frameworks */,
			);
			runOnlyForDeploymentPostprocessing = 0;
		};
		2C8AE9F01D5F337C0069B3BD /* Frameworks */ = {
			isa = PBXFrameworksBuildPhase;
			buildActionMask = 2147483647;
			files = (
			);
			runOnlyForDeploymentPostprocessing = 0;
		};
		2C8AE9FB1D5F337C0069B3BD /* Frameworks */ = {
			isa = PBXFrameworksBuildPhase;
			buildActionMask = 2147483647;
			files = (
			);
			runOnlyForDeploymentPostprocessing = 0;
		};
/* End PBXFrameworksBuildPhase section */

/* Begin PBXGroup section */
		2C8AE9D11D5F337B0069B3BD = {
			isa = PBXGroup;
			children = (
				2C9361D91D6F2F5F002E5D4E /* FZSEJT.ttf */,
				2C9361DD1D725EC9002E5D4E /* 楷体_GB2312.ttf */,
				2C8AE9DC1D5F337B0069B3BD /* kindergartenapp */,
				2C8AE9F61D5F337C0069B3BD /* kindergartenappTests */,
				2C8AEA011D5F337C0069B3BD /* kindergartenappUITests */,
				2C8AE9DB1D5F337B0069B3BD /* Products */,
				3886FF6AB1FA59CD77E9A151 /* Pods */,
				58410DE252D473D1171250F7 /* Frameworks */,
			);
			sourceTree = "<group>";
		};
		2C8AE9DB1D5F337B0069B3BD /* Products */ = {
			isa = PBXGroup;
			children = (
				2C8AE9DA1D5F337B0069B3BD /* kindergartenapp.app */,
				2C8AE9F31D5F337C0069B3BD /* kindergartenappTests.xctest */,
				2C8AE9FE1D5F337C0069B3BD /* kindergartenappUITests.xctest */,
			);
			name = Products;
			sourceTree = "<group>";
		};
		2C8AE9DC1D5F337B0069B3BD /* kindergartenapp */ = {
			isa = PBXGroup;
			children = (
				2CEBEE031D7C23C4000DD832 /* loading.gif */,
				2CEBEDFA1D746160000DD832 /* Login */,
				2CEBEDF41D72FCF2000DD832 /* Assets.xcassets */,
				68F89E141D67053600D2C1F0 /* MainController */,
				68F89E0B1D66F1E900D2C1F0 /* OpenSource */,
				2C8AEA141D606A9C0069B3BD /* Common */,
				2C8AEA101D6069FA0069B3BD /* View */,
				2C8AE9E01D5F337B0069B3BD /* AppDelegate.h */,
				2C8AE9E11D5F337B0069B3BD /* AppDelegate.m */,
				2C8AE9E61D5F337B0069B3BD /* Main.storyboard */,
				2C8AE9EB1D5F337B0069B3BD /* LaunchScreen.storyboard */,
				2C8AE9EE1D5F337B0069B3BD /* Info.plist */,
				2C8AE9DD1D5F337B0069B3BD /* Supporting Files */,
			);
			path = kindergartenapp;
			sourceTree = "<group>";
		};
		2C8AE9DD1D5F337B0069B3BD /* Supporting Files */ = {
			isa = PBXGroup;
			children = (
				2C9361DF1D7267FA002E5D4E /* WxHxD.h */,
				2C8AE9DE1D5F337B0069B3BD /* main.m */,
				2C9361E01D7268FD002E5D4E /* PrefixHeader.pch */,
			);
			name = "Supporting Files";
			sourceTree = "<group>";
		};
		2C8AE9F61D5F337C0069B3BD /* kindergartenappTests */ = {
			isa = PBXGroup;
			children = (
				2C8AE9F71D5F337C0069B3BD /* kindergartenappTests.m */,
				2C8AE9F91D5F337C0069B3BD /* Info.plist */,
			);
			path = kindergartenappTests;
			sourceTree = "<group>";
		};
		2C8AEA011D5F337C0069B3BD /* kindergartenappUITests */ = {
			isa = PBXGroup;
			children = (
				2C8AEA021D5F337C0069B3BD /* kindergartenappUITests.m */,
				2C8AEA041D5F337C0069B3BD /* Info.plist */,
			);
			path = kindergartenappUITests;
			sourceTree = "<group>";
		};
		2C8AEA101D6069FA0069B3BD /* View */ = {
			isa = PBXGroup;
			children = (
				2C9361BC1D6932B9002E5D4E /* SettingVc */,
				2C9361B41D6931BD002E5D4E /* FourthVc */,
				2C9361A91D693085002E5D4E /* ThirdVc */,
				2C9361A71D693001002E5D4E /* SecondVc */,
				2C9361A51D692FDD002E5D4E /* FirstVc */,
			);
			name = View;
			sourceTree = "<group>";
		};
		2C8AEA141D606A9C0069B3BD /* Common */ = {
			isa = PBXGroup;
			children = (
				68794A511D8E37CD00DF901D /* DataBase */,
				2C9361C51D69DDB7002E5D4E /* Base */,
				2C9361BE1D696F10002E5D4E /* User */,
			);
			name = Common;
			sourceTree = "<group>";
		};
		2C93619D1D692E88002E5D4E /* Modal */ = {
			isa = PBXGroup;
			children = (
				2C93619E1D692E88002E5D4E /* NTButton.h */,
				2C93619F1D692E88002E5D4E /* NTButton.m */,
			);
			name = Modal;
			path = MainController/Modal;
			sourceTree = "<group>";
		};
		2C9361A41D692FD0002E5D4E /* View */ = {
			isa = PBXGroup;
			children = (
			);
			name = View;
			sourceTree = "<group>";
		};
		2C9361A51D692FDD002E5D4E /* FirstVc */ = {
			isa = PBXGroup;
			children = (
				2C9361A61D692FE8002E5D4E /* Controller */,
				2C9361A41D692FD0002E5D4E /* View */,
			);
			name = FirstVc;
			sourceTree = "<group>";
		};
		2C9361A61D692FE8002E5D4E /* Controller */ = {
			isa = PBXGroup;
			children = (
				2C9361AB1D6930E4002E5D4E /* FirstVc.h */,
				2C9361AC1D6930E4002E5D4E /* FirstVc.m */,
				2C9361C21D69D5DB002E5D4E /* WebBrowserTest.h */,
				2C9361C31D69D5DB002E5D4E /* WebBrowserTest.m */,
				2CEBEDEE1D72883F000DD832 /* tb_select.h */,
				2CEBEDEF1D72883F000DD832 /* tb_select.m */,
				2CEBEE531D7F75EB000DD832 /* BabyVC.h */,
				2CEBEE541D7F75EB000DD832 /* BabyVC.m */,
				2CEBEE561D7F7611000DD832 /* ClassVC.h */,
				2CEBEE571D7F7611000DD832 /* ClassVC.m */,
			);
			name = Controller;
			sourceTree = "<group>";
		};
		2C9361A71D693001002E5D4E /* SecondVc */ = {
			isa = PBXGroup;
			children = (
				2C9361A81D693009002E5D4E /* Controller */,
			);
			name = SecondVc;
			sourceTree = "<group>";
		};
		2C9361A81D693009002E5D4E /* Controller */ = {
			isa = PBXGroup;
			children = (
				2C9361AE1D6930F9002E5D4E /* SecondVc.h */,
				2C9361AF1D6930F9002E5D4E /* SecondVc.m */,
				6875729A1D86358A00AEA354 /* StayTuneVC.h */,
				6875729B1D86358A00AEA354 /* StayTuneVC.m */,
			);
			name = Controller;
			sourceTree = "<group>";
		};
		2C9361A91D693085002E5D4E /* ThirdVc */ = {
			isa = PBXGroup;
			children = (
				2C9361AA1D69308C002E5D4E /* Controller */,
			);
			name = ThirdVc;
			sourceTree = "<group>";
		};
		2C9361AA1D69308C002E5D4E /* Controller */ = {
			isa = PBXGroup;
			children = (
				2C9361B11D69312A002E5D4E /* ThirdVc.h */,
				2C9361B21D69312A002E5D4E /* ThirdVc.m */,
			);
			name = Controller;
			sourceTree = "<group>";
		};
		2C9361B41D6931BD002E5D4E /* FourthVc */ = {
			isa = PBXGroup;
			children = (
				2C9361B51D6931C7002E5D4E /* Controller */,
			);
			name = FourthVc;
			sourceTree = "<group>";
		};
		2C9361B51D6931C7002E5D4E /* Controller */ = {
			isa = PBXGroup;
			children = (
				2C9361B61D693222002E5D4E /* FourthVc.h */,
				2C9361B71D693222002E5D4E /* FourthVc.m */,
			);
			name = Controller;
			sourceTree = "<group>";
		};
		2C9361BC1D6932B9002E5D4E /* SettingVc */ = {
			isa = PBXGroup;
			children = (
				2CEBEE591D82DF1E000DD832 /* Modal */,
				2C9361BD1D6932C2002E5D4E /* Controller */,
			);
			name = SettingVc;
			sourceTree = "<group>";
		};
		2C9361BD1D6932C2002E5D4E /* Controller */ = {
			isa = PBXGroup;
			children = (
				2C9361B91D6932AF002E5D4E /* SettingVc.h */,
				2C9361BA1D6932AF002E5D4E /* SettingVc.m */,
				2CEBEE691D837B8B000DD832 /* AboutVC.h */,
				2CEBEE6A1D837B8B000DD832 /* AboutVC.m */,
				2CFA32341DC4ADC0005D20B4 /* SettingSetVC.h */,
				2CFA32351DC4ADC0005D20B4 /* SettingSetVC.m */,
			);
			name = Controller;
			sourceTree = "<group>";
		};
		2C9361BE1D696F10002E5D4E /* User */ = {
			isa = PBXGroup;
			children = (
				2C9361C91D6C8B1A002E5D4E /* UserAdditon */,
				2C8AEA151D606AB90069B3BD /* UserInfo.h */,
				2C8AEA161D606AB90069B3BD /* UserInfo.m */,
			);
			name = User;
			sourceTree = "<group>";
		};
		2C9361C51D69DDB7002E5D4E /* Base */ = {
			isa = PBXGroup;
			children = (
				2C9361C61D69DDF9002E5D4E /* BaseFunc.h */,
				2C9361C71D69DDF9002E5D4E /* BaseFunc.m */,
				6875729D1D86397E00AEA354 /* BaseVC.h */,
				6875729E1D86397E00AEA354 /* BaseVC.m */,
			);
			name = Base;
			sourceTree = "<group>";
		};
		2C9361C91D6C8B1A002E5D4E /* UserAdditon */ = {
			isa = PBXGroup;
			children = (
				2C9361CA1D6C8B4D002E5D4E /* ParentInfo.h */,
				2C9361CB1D6C8B4D002E5D4E /* ParentInfo.m */,
				2C9361CD1D6C8D44002E5D4E /* Baby.h */,
				2C9361CE1D6C8D44002E5D4E /* Baby.m */,
				2C9361D31D6C8EA9002E5D4E /* Class_School.h */,
				2C9361D41D6C8EA9002E5D4E /* Class_School.m */,
				2C9361D61D6C8FD7002E5D4E /* TeacherInfo.h */,
				2C9361D71D6C8FD7002E5D4E /* TeacherInfo.m */,
				2CEBEDF11D72F687000DD832 /* Headmaster.h */,
				2CEBEDF21D72F687000DD832 /* Headmaster.m */,
			);
			name = UserAdditon;
			sourceTree = "<group>";
		};
		2CEBEDFA1D746160000DD832 /* Login */ = {
			isa = PBXGroup;
			children = (
				6884D3661D75113800BC87F8 /* Model */,
				2C8AE9E31D5F337B0069B3BD /* ViewController.h */,
				2C8AE9E41D5F337B0069B3BD /* ViewController.m */,
			);
			name = Login;
			sourceTree = "<group>";
		};
		2CEBEE591D82DF1E000DD832 /* Modal */ = {
			isa = PBXGroup;
			children = (
				2CEBEE5A1D82DF4C000DD832 /* CellLogo.h */,
				2CEBEE5B1D82DF4C000DD832 /* CellLogo.m */,
				2CEBEE5C1D82DF4C000DD832 /* CellLogo.xib */,
				2CFA323C1DC60C13005D20B4 /* CellBtn.h */,
				2CFA323D1DC60C13005D20B4 /* CellBtn.m */,
				2CFA323E1DC60C13005D20B4 /* CellBtn.xib */,
				68BBDEC41DC9C8AC0087CD43 /* CellSetting.h */,
				68BBDEC51DC9C8AC0087CD43 /* CellSetting.m */,
				68BBDEC61DC9C8AC0087CD43 /* CellSetting.xib */,
			);
			name = Modal;
			sourceTree = "<group>";
		};
		3886FF6AB1FA59CD77E9A151 /* Pods */ = {
			isa = PBXGroup;
			children = (
				D359E4B71E491FD71813096F /* Pods.debug.xcconfig */,
				D5D1F35B18B696CBA04EA63B /* Pods.release.xcconfig */,
			);
			name = Pods;
			sourceTree = "<group>";
		};
		58410DE252D473D1171250F7 /* Frameworks */ = {
			isa = PBXGroup;
			children = (
				68794A551D8E39BA00DF901D /* libFMDB.a */,
				6884D38A1D75494E00BC87F8 /* libDownPicker.a */,
				6884D3641D750BC200BC87F8 /* libAKLookups.a */,
				2C9361DB1D710FBF002E5D4E /* libMJRefresh.a */,
				6895AE2D1D70214C0003F2A2 /* libSDCycleScrollView.a */,
				68F89E081D66DFAE00D2C1F0 /* libSDWebImage.a */,
				68F89E061D66DFAB00D2C1F0 /* libMBProgressHUD.a */,
				68F89E041D66DFA700D2C1F0 /* libAFNetworking.a */,
				B2C5BBA671F146BFEDCE513B /* libPods.a */,
			);
			name = Frameworks;
			sourceTree = "<group>";
		};
		684CB4801D6BE00A0099CEE4 /* HcdGuideView */ = {
			isa = PBXGroup;
			children = (
				684CB4811D6BE00A0099CEE4 /* GrayPageControl.h */,
				684CB4821D6BE00A0099CEE4 /* GrayPageControl.m */,
				684CB4831D6BE00A0099CEE4 /* HcdGuideView.h */,
				684CB4841D6BE00A0099CEE4 /* HcdGuideViewCell.h */,
				684CB4851D6BE00A0099CEE4 /* HcdGuideViewCell.m */,
				684CB4861D6BE00A0099CEE4 /* HcdGuideViewManager.h */,
				684CB4871D6BE00A0099CEE4 /* HcdGuideViewManager.m */,
			);
			path = HcdGuideView;
			sourceTree = "<group>";
		};
		685064361D9920F300DAA4D0 /* LXAlertView */ = {
			isa = PBXGroup;
			children = (
				685064371D9920F300DAA4D0 /* LXAlertView.h */,
				685064381D9920F300DAA4D0 /* LXAlertView.m */,
				685064391D9920F300DAA4D0 /* UILabel+LXAdd.h */,
				6850643A1D9920F300DAA4D0 /* UILabel+LXAdd.m */,
			);
			path = LXAlertView;
			sourceTree = "<group>";
		};
		68794A511D8E37CD00DF901D /* DataBase */ = {
			isa = PBXGroup;
			children = (
				68794A521D8E38CB00DF901D /* DataBase.h */,
				68794A531D8E38CB00DF901D /* DataBase.m */,
			);
			name = DataBase;
			sourceTree = "<group>";
		};
		6884D3601D74300600BC87F8 /* UIImage+GIF */ = {
			isa = PBXGroup;
			children = (
				6884D3611D74300600BC87F8 /* UIImage+GIF.h */,
				6884D3621D74300600BC87F8 /* UIImage+GIF.m */,
			);
			path = "UIImage+GIF";
			sourceTree = "<group>";
		};
		6884D3661D75113800BC87F8 /* Model */ = {
			isa = PBXGroup;
			children = (
				68B710CC1D8271F4006F741D /* UsrNameVC.h */,
				68B710CD1D8271F4006F741D /* UsrNameVC.m */,
				68B710CE1D8271F4006F741D /* UsrNameVC.xib */,
				68B710AF1D824036006F741D /* AutocompletionTableView.h */,
				68B710B01D824036006F741D /* AutocompletionTableView.m */,
				68B710C11D826EE7006F741D /* UsrTxField.h */,
				68B710C21D826EE7006F741D /* UsrTxField.m */,
				680FB7B51D913A9B0093DA38 /* UsrCell.h */,
				680FB7B61D913A9B0093DA38 /* UsrCell.m */,
				680FB7B71D913A9B0093DA38 /* UsrCell.xib */,
			);
			name = Model;
			sourceTree = "<group>";
		};
		6884D37F1D75489A00BC87F8 /* FSComboListView */ = {
			isa = PBXGroup;
			children = (
				6884D3801D75489A00BC87F8 /* comboDownArrow.png */,
				6884D3811D75489A00BC87F8 /* comboDownArrow@2x.png */,
				6884D3821D75489A00BC87F8 /* FSComboListView.h */,
				6884D3831D75489A00BC87F8 /* FSComboListView.m */,
				6884D3841D75489A00BC87F8 /* UIImage+FSAdditions.h */,
				6884D3851D75489A00BC87F8 /* UIImage+FSAdditions.m */,
			);
			path = FSComboListView;
			sourceTree = "<group>";
		};
		6884D38C1D75623900BC87F8 /* ZLCGuidePage */ = {
			isa = PBXGroup;
			children = (
				6884D3931D75623900BC87F8 /* ZLCGuidePageView.h */,
				6884D3941D75623900BC87F8 /* ZLCGuidePageView.m */,
			);
			path = ZLCGuidePage;
			sourceTree = "<group>";
		};
		68B710B21D824D75006F741D /* MLPAutoCompleteTextField */ = {
			isa = PBXGroup;
			children = (
				68B710B31D824D76006F741D /* MLPAutoCompleteTextField.h */,
				68B710B41D824D76006F741D /* MLPAutoCompleteTextField.m */,
				68B710B51D824D76006F741D /* MLPAutoCompleteTextFieldDataSource.h */,
				68B710B61D824D76006F741D /* MLPAutoCompleteTextFieldDelegate.h */,
				68B710B71D824D76006F741D /* MLPAutoCompletionObject.h */,
				68B710B81D824D76006F741D /* NSString+Levenshtein.h */,
				68B710B91D824D76006F741D /* NSString+Levenshtein.m */,
			);
			path = MLPAutoCompleteTextField;
			sourceTree = "<group>";
		};
		68F89E0B1D66F1E900D2C1F0 /* OpenSource */ = {
			isa = PBXGroup;
			children = (
				685064361D9920F300DAA4D0 /* LXAlertView */,
				68B710B21D824D75006F741D /* MLPAutoCompleteTextField */,
				6884D38C1D75623900BC87F8 /* ZLCGuidePage */,
				6884D37F1D75489A00BC87F8 /* FSComboListView */,
				6884D3601D74300600BC87F8 /* UIImage+GIF */,
				684CB4801D6BE00A0099CEE4 /* HcdGuideView */,
				68F89E0C1D66F1E900D2C1F0 /* NetWork */,
			);
			path = OpenSource;
			sourceTree = "<group>";
		};
		68F89E0C1D66F1E900D2C1F0 /* NetWork */ = {
			isa = PBXGroup;
			children = (
				68F89E0D1D66F1E900D2C1F0 /* Network */,
			);
			path = NetWork;
			sourceTree = "<group>";
		};
		68F89E0D1D66F1E900D2C1F0 /* Network */ = {
			isa = PBXGroup;
			children = (
				68F89E0E1D66F1E900D2C1F0 /* Reachability.h */,
				68F89E0F1D66F1E900D2C1F0 /* Reachability.m */,
				68F89E101D66F1E900D2C1F0 /* YBMonitorNetWorkState.h */,
				68F89E111D66F1E900D2C1F0 /* YBMonitorNetWorkState.m */,
			);
			path = Network;
			sourceTree = "<group>";
		};
		68F89E141D67053600D2C1F0 /* MainController */ = {
			isa = PBXGroup;
			children = (
				2C93619D1D692E88002E5D4E /* Modal */,
				68F89E151D67057A00D2C1F0 /* MainTabController.h */,
				68F89E161D67057A00D2C1F0 /* MainTabController.m */,
			);
			name = MainController;
			sourceTree = "<group>";
		};
/* End PBXGroup section */

/* Begin PBXNativeTarget section */
		2C8AE9D91D5F337B0069B3BD /* kindergartenapp */ = {
			isa = PBXNativeTarget;
			buildConfigurationList = 2C8AEA071D5F337C0069B3BD /* Build configuration list for PBXNativeTarget "kindergartenapp" */;
			buildPhases = (
				CA6FB760336651521193645F /* Check Pods Manifest.lock */,
				2C8AE9D61D5F337B0069B3BD /* Sources */,
				2C8AE9D71D5F337B0069B3BD /* Frameworks */,
				2C8AE9D81D5F337B0069B3BD /* Resources */,
				E30CF8C1D0D78C9A9AEEC8CE /* Embed Pods Frameworks */,
				EBA1D8C2DEF719FCDAD72582 /* Copy Pods Resources */,
			);
			buildRules = (
			);
			dependencies = (
			);
			name = kindergartenapp;
			productName = kindergartenapp;
			productReference = 2C8AE9DA1D5F337B0069B3BD /* kindergartenapp.app */;
			productType = "com.apple.product-type.application";
		};
		2C8AE9F21D5F337C0069B3BD /* kindergartenappTests */ = {
			isa = PBXNativeTarget;
			buildConfigurationList = 2C8AEA0A1D5F337C0069B3BD /* Build configuration list for PBXNativeTarget "kindergartenappTests" */;
			buildPhases = (
				2C8AE9EF1D5F337C0069B3BD /* Sources */,
				2C8AE9F01D5F337C0069B3BD /* Frameworks */,
				2C8AE9F11D5F337C0069B3BD /* Resources */,
			);
			buildRules = (
			);
			dependencies = (
				2C8AE9F51D5F337C0069B3BD /* PBXTargetDependency */,
			);
			name = kindergartenappTests;
			productName = kindergartenappTests;
			productReference = 2C8AE9F31D5F337C0069B3BD /* kindergartenappTests.xctest */;
			productType = "com.apple.product-type.bundle.unit-test";
		};
		2C8AE9FD1D5F337C0069B3BD /* kindergartenappUITests */ = {
			isa = PBXNativeTarget;
			buildConfigurationList = 2C8AEA0D1D5F337C0069B3BD /* Build configuration list for PBXNativeTarget "kindergartenappUITests" */;
			buildPhases = (
				2C8AE9FA1D5F337C0069B3BD /* Sources */,
				2C8AE9FB1D5F337C0069B3BD /* Frameworks */,
				2C8AE9FC1D5F337C0069B3BD /* Resources */,
			);
			buildRules = (
			);
			dependencies = (
				2C8AEA001D5F337C0069B3BD /* PBXTargetDependency */,
			);
			name = kindergartenappUITests;
			productName = kindergartenappUITests;
			productReference = 2C8AE9FE1D5F337C0069B3BD /* kindergartenappUITests.xctest */;
			productType = "com.apple.product-type.bundle.ui-testing";
		};
/* End PBXNativeTarget section */

/* Begin PBXProject section */
		2C8AE9D21D5F337B0069B3BD /* Project object */ = {
			isa = PBXProject;
			attributes = {
				LastUpgradeCheck = 0730;
				ORGANIZATIONNAME = "zr-mac";
				TargetAttributes = {
					2C8AE9D91D5F337B0069B3BD = {
						CreatedOnToolsVersion = 7.3.1;
						DevelopmentTeam = K2XM9WW286;
					};
					2C8AE9F21D5F337C0069B3BD = {
						CreatedOnToolsVersion = 7.3.1;
						TestTargetID = 2C8AE9D91D5F337B0069B3BD;
					};
					2C8AE9FD1D5F337C0069B3BD = {
						CreatedOnToolsVersion = 7.3.1;
						TestTargetID = 2C8AE9D91D5F337B0069B3BD;
					};
				};
			};
			buildConfigurationList = 2C8AE9D51D5F337B0069B3BD /* Build configuration list for PBXProject "kindergartenapp" */;
			compatibilityVersion = "Xcode 3.2";
			developmentRegion = English;
			hasScannedForEncodings = 0;
			knownRegions = (
				en,
				Base,
			);
			mainGroup = 2C8AE9D11D5F337B0069B3BD;
			productRefGroup = 2C8AE9DB1D5F337B0069B3BD /* Products */;
			projectDirPath = "";
			projectRoot = "";
			targets = (
				2C8AE9D91D5F337B0069B3BD /* kindergartenapp */,
				2C8AE9F21D5F337C0069B3BD /* kindergartenappTests */,
				2C8AE9FD1D5F337C0069B3BD /* kindergartenappUITests */,
			);
		};
/* End PBXProject section */

/* Begin PBXResourcesBuildPhase section */
		2C8AE9D81D5F337B0069B3BD /* Resources */ = {
			isa = PBXResourcesBuildPhase;
			buildActionMask = 2147483647;
			files = (
				2CFA32401DC60C13005D20B4 /* CellBtn.xib in Resources */,
				2C9361DA1D6F2FE9002E5D4E /* FZSEJT.ttf in Resources */,
				6884D3871D75489A00BC87F8 /* comboDownArrow@2x.png in Resources */,
				68B710D01D8271F4006F741D /* UsrNameVC.xib in Resources */,
				2C8AE9ED1D5F337B0069B3BD /* LaunchScreen.storyboard in Resources */,
				6884D3861D75489A00BC87F8 /* comboDownArrow.png in Resources */,
				68BBDEC81DC9C8AC0087CD43 /* CellSetting.xib in Resources */,
				2CEBEE041D7C23C4000DD832 /* loading.gif in Resources */,
				2CEBEDF51D72FCF2000DD832 /* Assets.xcassets in Resources */,
				2CEBEE5E1D82DF4C000DD832 /* CellLogo.xib in Resources */,
				680FB7B91D913A9B0093DA38 /* UsrCell.xib in Resources */,
				2C8AE9E81D5F337B0069B3BD /* Main.storyboard in Resources */,
			);
			runOnlyForDeploymentPostprocessing = 0;
		};
		2C8AE9F11D5F337C0069B3BD /* Resources */ = {
			isa = PBXResourcesBuildPhase;
			buildActionMask = 2147483647;
			files = (
			);
			runOnlyForDeploymentPostprocessing = 0;
		};
		2C8AE9FC1D5F337C0069B3BD /* Resources */ = {
			isa = PBXResourcesBuildPhase;
			buildActionMask = 2147483647;
			files = (
			);
			runOnlyForDeploymentPostprocessing = 0;
		};
/* End PBXResourcesBuildPhase section */

/* Begin PBXShellScriptBuildPhase section */
		CA6FB760336651521193645F /* Check Pods Manifest.lock */ = {
			isa = PBXShellScriptBuildPhase;
			buildActionMask = 2147483647;
			files = (
			);
			inputPaths = (
			);
			name = "Check Pods Manifest.lock";
			outputPaths = (
			);
			runOnlyForDeploymentPostprocessing = 0;
			shellPath = /bin/sh;
			shellScript = "diff \"${PODS_ROOT}/../Podfile.lock\" \"${PODS_ROOT}/Manifest.lock\" > /dev/null\nif [[ $? != 0 ]] ; then\n    cat << EOM\nerror: The sandbox is not in sync with the Podfile.lock. Run 'pod install' or update your CocoaPods installation.\nEOM\n    exit 1\nfi\n";
			showEnvVarsInLog = 0;
		};
		E30CF8C1D0D78C9A9AEEC8CE /* Embed Pods Frameworks */ = {
			isa = PBXShellScriptBuildPhase;
			buildActionMask = 2147483647;
			files = (
			);
			inputPaths = (
			);
			name = "Embed Pods Frameworks";
			outputPaths = (
			);
			runOnlyForDeploymentPostprocessing = 0;
			shellPath = /bin/sh;
			shellScript = "\"${SRCROOT}/Pods/Target Support Files/Pods/Pods-frameworks.sh\"\n";
			showEnvVarsInLog = 0;
		};
		EBA1D8C2DEF719FCDAD72582 /* Copy Pods Resources */ = {
			isa = PBXShellScriptBuildPhase;
			buildActionMask = 2147483647;
			files = (
			);
			inputPaths = (
			);
			name = "Copy Pods Resources";
			outputPaths = (
			);
			runOnlyForDeploymentPostprocessing = 0;
			shellPath = /bin/sh;
			shellScript = "\"${SRCROOT}/Pods/Target Support Files/Pods/Pods-resources.sh\"\n";
			showEnvVarsInLog = 0;
		};
/* End PBXShellScriptBuildPhase section */

/* Begin PBXSourcesBuildPhase section */
		2C8AE9D61D5F337B0069B3BD /* Sources */ = {
			isa = PBXSourcesBuildPhase;
			buildActionMask = 2147483647;
			files = (
				2C8AE9E51D5F337B0069B3BD /* ViewController.m in Sources */,
				2CEBEE581D7F7611000DD832 /* ClassVC.m in Sources */,
				2CEBEDF01D72883F000DD832 /* tb_select.m in Sources */,
				2C8AE9E21D5F337B0069B3BD /* AppDelegate.m in Sources */,
				2C8AEA171D606AB90069B3BD /* UserInfo.m in Sources */,
				2C9361B31D69312A002E5D4E /* ThirdVc.m in Sources */,
				2C9361D81D6C8FD7002E5D4E /* TeacherInfo.m in Sources */,
				68B710B11D824036006F741D /* AutocompletionTableView.m in Sources */,
				6850643C1D9920F300DAA4D0 /* UILabel+LXAdd.m in Sources */,
				6884D3881D75489A00BC87F8 /* FSComboListView.m in Sources */,
				2C9361BB1D6932AF002E5D4E /* SettingVc.m in Sources */,
				2CEBEE5D1D82DF4C000DD832 /* CellLogo.m in Sources */,
				2C9361D51D6C8EA9002E5D4E /* Class_School.m in Sources */,
				68794A541D8E38CB00DF901D /* DataBase.m in Sources */,
				68BBDEC71DC9C8AC0087CD43 /* CellSetting.m in Sources */,
				68F89E121D66F1E900D2C1F0 /* Reachability.m in Sources */,
				68F89E131D66F1E900D2C1F0 /* YBMonitorNetWorkState.m in Sources */,
				684CB4891D6BE00A0099CEE4 /* HcdGuideViewCell.m in Sources */,
				2CFA323F1DC60C13005D20B4 /* CellBtn.m in Sources */,
				68F89E171D67057A00D2C1F0 /* MainTabController.m in Sources */,
				2CFA32361DC4ADC0005D20B4 /* SettingSetVC.m in Sources */,
				2C9361A01D692E88002E5D4E /* NTButton.m in Sources */,
				6875729C1D86358A00AEA354 /* StayTuneVC.m in Sources */,
				6884D3631D74300600BC87F8 /* UIImage+GIF.m in Sources */,
				68B710CF1D8271F4006F741D /* UsrNameVC.m in Sources */,
				2CEBEDF31D72F687000DD832 /* Headmaster.m in Sources */,
				2C9361CC1D6C8B4D002E5D4E /* ParentInfo.m in Sources */,
				6850643B1D9920F300DAA4D0 /* LXAlertView.m in Sources */,
				6875729F1D86397E00AEA354 /* BaseVC.m in Sources */,
				2CEBEE6B1D837B8B000DD832 /* AboutVC.m in Sources */,
				2C8AE9DF1D5F337B0069B3BD /* main.m in Sources */,
				684CB48A1D6BE00A0099CEE4 /* HcdGuideViewManager.m in Sources */,
				68B710BB1D824D76006F741D /* NSString+Levenshtein.m in Sources */,
				2CEBEE551D7F75EB000DD832 /* BabyVC.m in Sources */,
				6884D3891D75489A00BC87F8 /* UIImage+FSAdditions.m in Sources */,
				6884D39A1D75623900BC87F8 /* ZLCGuidePageView.m in Sources */,
				2C9361B01D6930F9002E5D4E /* SecondVc.m in Sources */,
				68B710BA1D824D76006F741D /* MLPAutoCompleteTextField.m in Sources */,
				2C9361C41D69D5DB002E5D4E /* WebBrowserTest.m in Sources */,
				2C9361CF1D6C8D44002E5D4E /* Baby.m in Sources */,
				2C9361C81D69DDF9002E5D4E /* BaseFunc.m in Sources */,
				684CB4881D6BE00A0099CEE4 /* GrayPageControl.m in Sources */,
				2C9361B81D693222002E5D4E /* FourthVc.m in Sources */,
				68B710C31D826EE7006F741D /* UsrTxField.m in Sources */,
				680FB7B81D913A9B0093DA38 /* UsrCell.m in Sources */,
				2C9361AD1D6930E4002E5D4E /* FirstVc.m in Sources */,
			);
			runOnlyForDeploymentPostprocessing = 0;
		};
		2C8AE9EF1D5F337C0069B3BD /* Sources */ = {
			isa = PBXSourcesBuildPhase;
			buildActionMask = 2147483647;
			files = (
				2C8AE9F81D5F337C0069B3BD /* kindergartenappTests.m in Sources */,
			);
			runOnlyForDeploymentPostprocessing = 0;
		};
		2C8AE9FA1D5F337C0069B3BD /* Sources */ = {
			isa = PBXSourcesBuildPhase;
			buildActionMask = 2147483647;
			files = (
				2C8AEA031D5F337C0069B3BD /* kindergartenappUITests.m in Sources */,
			);
			runOnlyForDeploymentPostprocessing = 0;
		};
/* End PBXSourcesBuildPhase section */

/* Begin PBXTargetDependency section */
		2C8AE9F51D5F337C0069B3BD /* PBXTargetDependency */ = {
			isa = PBXTargetDependency;
			target = 2C8AE9D91D5F337B0069B3BD /* kindergartenapp */;
			targetProxy = 2C8AE9F41D5F337C0069B3BD /* PBXContainerItemProxy */;
		};
		2C8AEA001D5F337C0069B3BD /* PBXTargetDependency */ = {
			isa = PBXTargetDependency;
			target = 2C8AE9D91D5F337B0069B3BD /* kindergartenapp */;
			targetProxy = 2C8AE9FF1D5F337C0069B3BD /* PBXContainerItemProxy */;
		};
/* End PBXTargetDependency section */

/* Begin PBXVariantGroup section */
		2C8AE9E61D5F337B0069B3BD /* Main.storyboard */ = {
			isa = PBXVariantGroup;
			children = (
				2C8AE9E71D5F337B0069B3BD /* Base */,
			);
			name = Main.storyboard;
			sourceTree = "<group>";
		};
		2C8AE9EB1D5F337B0069B3BD /* LaunchScreen.storyboard */ = {
			isa = PBXVariantGroup;
			children = (
				2C8AE9EC1D5F337B0069B3BD /* Base */,
			);
			name = LaunchScreen.storyboard;
			sourceTree = "<group>";
		};
/* End PBXVariantGroup section */

/* Begin XCBuildConfiguration section */
		2C8AEA051D5F337C0069B3BD /* Debug */ = {
			isa = XCBuildConfiguration;
			buildSettings = {
				ALWAYS_SEARCH_USER_PATHS = NO;
				CLANG_ANALYZER_NONNULL = YES;
				CLANG_CXX_LANGUAGE_STANDARD = "gnu++0x";
				CLANG_CXX_LIBRARY = "libc++";
				CLANG_ENABLE_MODULES = YES;
				CLANG_ENABLE_OBJC_ARC = YES;
				CLANG_WARN_BOOL_CONVERSION = YES;
				CLANG_WARN_CONSTANT_CONVERSION = YES;
				CLANG_WARN_DIRECT_OBJC_ISA_USAGE = YES_ERROR;
				CLANG_WARN_EMPTY_BODY = YES;
				CLANG_WARN_ENUM_CONVERSION = YES;
				CLANG_WARN_INT_CONVERSION = YES;
				CLANG_WARN_OBJC_ROOT_CLASS = YES_ERROR;
				CLANG_WARN_UNREACHABLE_CODE = YES;
				CLANG_WARN__DUPLICATE_METHOD_MATCH = YES;
				"CODE_SIGN_IDENTITY[sdk=iphoneos*]" = "iPhone Developer";
				COPY_PHASE_STRIP = NO;
				DEBUG_INFORMATION_FORMAT = dwarf;
				ENABLE_STRICT_OBJC_MSGSEND = YES;
				ENABLE_TESTABILITY = YES;
				GCC_C_LANGUAGE_STANDARD = gnu99;
				GCC_DYNAMIC_NO_PIC = NO;
				GCC_NO_COMMON_BLOCKS = YES;
				GCC_OPTIMIZATION_LEVEL = 0;
				GCC_PREPROCESSOR_DEFINITIONS = (
					"DEBUG=1",
					"$(inherited)",
				);
				GCC_WARN_64_TO_32_BIT_CONVERSION = YES;
				GCC_WARN_ABOUT_RETURN_TYPE = YES_ERROR;
				GCC_WARN_UNDECLARED_SELECTOR = YES;
				GCC_WARN_UNINITIALIZED_AUTOS = YES_AGGRESSIVE;
				GCC_WARN_UNUSED_FUNCTION = YES;
				GCC_WARN_UNUSED_VARIABLE = YES;
				IPHONEOS_DEPLOYMENT_TARGET = 9.3;
				MTL_ENABLE_DEBUG_INFO = YES;
				ONLY_ACTIVE_ARCH = YES;
				SDKROOT = iphoneos;
			};
			name = Debug;
		};
		2C8AEA061D5F337C0069B3BD /* Release */ = {
			isa = XCBuildConfiguration;
			buildSettings = {
				ALWAYS_SEARCH_USER_PATHS = NO;
				CLANG_ANALYZER_NONNULL = YES;
				CLANG_CXX_LANGUAGE_STANDARD = "gnu++0x";
				CLANG_CXX_LIBRARY = "libc++";
				CLANG_ENABLE_MODULES = YES;
				CLANG_ENABLE_OBJC_ARC = YES;
				CLANG_WARN_BOOL_CONVERSION = YES;
				CLANG_WARN_CONSTANT_CONVERSION = YES;
				CLANG_WARN_DIRECT_OBJC_ISA_USAGE = YES_ERROR;
				CLANG_WARN_EMPTY_BODY = YES;
				CLANG_WARN_ENUM_CONVERSION = YES;
				CLANG_WARN_INT_CONVERSION = YES;
				CLANG_WARN_OBJC_ROOT_CLASS = YES_ERROR;
				CLANG_WARN_UNREACHABLE_CODE = YES;
				CLANG_WARN__DUPLICATE_METHOD_MATCH = YES;
				"CODE_SIGN_IDENTITY[sdk=iphoneos*]" = "iPhone Developer";
				COPY_PHASE_STRIP = NO;
				DEBUG_INFORMATION_FORMAT = "dwarf-with-dsym";
				ENABLE_NS_ASSERTIONS = NO;
				ENABLE_STRICT_OBJC_MSGSEND = YES;
				GCC_C_LANGUAGE_STANDARD = gnu99;
				GCC_NO_COMMON_BLOCKS = YES;
				GCC_WARN_64_TO_32_BIT_CONVERSION = YES;
				GCC_WARN_ABOUT_RETURN_TYPE = YES_ERROR;
				GCC_WARN_UNDECLARED_SELECTOR = YES;
				GCC_WARN_UNINITIALIZED_AUTOS = YES_AGGRESSIVE;
				GCC_WARN_UNUSED_FUNCTION = YES;
				GCC_WARN_UNUSED_VARIABLE = YES;
				IPHONEOS_DEPLOYMENT_TARGET = 9.3;
				MTL_ENABLE_DEBUG_INFO = NO;
				SDKROOT = iphoneos;
				VALIDATE_PRODUCT = YES;
			};
			name = Release;
		};
		2C8AEA081D5F337C0069B3BD /* Debug */ = {
			isa = XCBuildConfiguration;
			baseConfigurationReference = D359E4B71E491FD71813096F /* Pods.debug.xcconfig */;
			buildSettings = {
				ASSETCATALOG_COMPILER_APPICON_NAME = AppIcon;
				CODE_SIGN_IDENTITY = "iPhone Developer";
				GCC_PREFIX_HEADER = "$(SRCROOT)/kindergartenapp/PrefixHeader.pch";
				INFOPLIST_FILE = kindergartenapp/Info.plist;
				IPHONEOS_DEPLOYMENT_TARGET = 8.1;
				LD_RUNPATH_SEARCH_PATHS = "$(inherited) @executable_path/Frameworks";
				LIBRARY_SEARCH_PATHS = (
					"$(inherited)",
					"$(PROJECT_DIR)/build/Debug-iphoneos",
				);
				PRODUCT_BUNDLE_IDENTIFIER = cn.hnsi.kindergartenapp;
				PRODUCT_NAME = "$(TARGET_NAME)";
			};
			name = Debug;
		};
		2C8AEA091D5F337C0069B3BD /* Release */ = {
			isa = XCBuildConfiguration;
			baseConfigurationReference = D5D1F35B18B696CBA04EA63B /* Pods.release.xcconfig */;
			buildSettings = {
				ASSETCATALOG_COMPILER_APPICON_NAME = AppIcon;
				CODE_SIGN_IDENTITY = "iPhone Developer";
				GCC_PREFIX_HEADER = "$(SRCROOT)/kindergartenapp/PrefixHeader.pch";
				INFOPLIST_FILE = kindergartenapp/Info.plist;
				IPHONEOS_DEPLOYMENT_TARGET = 8.1;
				LD_RUNPATH_SEARCH_PATHS = "$(inherited) @executable_path/Frameworks";
				LIBRARY_SEARCH_PATHS = (
					"$(inherited)",
					"$(PROJECT_DIR)/build/Debug-iphoneos",
				);
				PRODUCT_BUNDLE_IDENTIFIER = cn.hnsi.kindergartenapp;
				PRODUCT_NAME = "$(TARGET_NAME)";
			};
			name = Release;
		};
		2C8AEA0B1D5F337C0069B3BD /* Debug */ = {
			isa = XCBuildConfiguration;
			buildSettings = {
				BUNDLE_LOADER = "$(TEST_HOST)";
				INFOPLIST_FILE = kindergartenappTests/Info.plist;
				LD_RUNPATH_SEARCH_PATHS = "$(inherited) @executable_path/Frameworks @loader_path/Frameworks";
				PRODUCT_BUNDLE_IDENTIFIER = com.nsc.kindergartenappTests;
				PRODUCT_NAME = "$(TARGET_NAME)";
				TEST_HOST = "$(BUILT_PRODUCTS_DIR)/kindergartenapp.app/kindergartenapp";
			};
			name = Debug;
		};
		2C8AEA0C1D5F337C0069B3BD /* Release */ = {
			isa = XCBuildConfiguration;
			buildSettings = {
				BUNDLE_LOADER = "$(TEST_HOST)";
				INFOPLIST_FILE = kindergartenappTests/Info.plist;
				LD_RUNPATH_SEARCH_PATHS = "$(inherited) @executable_path/Frameworks @loader_path/Frameworks";
				PRODUCT_BUNDLE_IDENTIFIER = com.nsc.kindergartenappTests;
				PRODUCT_NAME = "$(TARGET_NAME)";
				TEST_HOST = "$(BUILT_PRODUCTS_DIR)/kindergartenapp.app/kindergartenapp";
			};
			name = Release;
		};
		2C8AEA0E1D5F337C0069B3BD /* Debug */ = {
			isa = XCBuildConfiguration;
			buildSettings = {
				INFOPLIST_FILE = kindergartenappUITests/Info.plist;
				LD_RUNPATH_SEARCH_PATHS = "$(inherited) @executable_path/Frameworks @loader_path/Frameworks";
				PRODUCT_BUNDLE_IDENTIFIER = com.nsc.kindergartenappUITests;
				PRODUCT_NAME = "$(TARGET_NAME)";
				TEST_TARGET_NAME = kindergartenapp;
			};
			name = Debug;
		};
		2C8AEA0F1D5F337C0069B3BD /* Release */ = {
			isa = XCBuildConfiguration;
			buildSettings = {
				INFOPLIST_FILE = kindergartenappUITests/Info.plist;
				LD_RUNPATH_SEARCH_PATHS = "$(inherited) @executable_path/Frameworks @loader_path/Frameworks";
				PRODUCT_BUNDLE_IDENTIFIER = com.nsc.kindergartenappUITests;
				PRODUCT_NAME = "$(TARGET_NAME)";
				TEST_TARGET_NAME = kindergartenapp;
			};
			name = Release;
		};
/* End XCBuildConfiguration section */

/* Begin XCConfigurationList section */
		2C8AE9D51D5F337B0069B3BD /* Build configuration list for PBXProject "kindergartenapp" */ = {
			isa = XCConfigurationList;
			buildConfigurations = (
				2C8AEA051D5F337C0069B3BD /* Debug */,
				2C8AEA061D5F337C0069B3BD /* Release */,
			);
			defaultConfigurationIsVisible = 0;
			defaultConfigurationName = Release;
		};
		2C8AEA071D5F337C0069B3BD /* Build configuration list for PBXNativeTarget "kindergartenapp" */ = {
			isa = XCConfigurationList;
			buildConfigurations = (
				2C8AEA081D5F337C0069B3BD /* Debug */,
				2C8AEA091D5F337C0069B3BD /* Release */,
			);
			defaultConfigurationIsVisible = 0;
			defaultConfigurationName = Release;
		};
		2C8AEA0A1D5F337C0069B3BD /* Build configuration list for PBXNativeTarget "kindergartenappTests" */ = {
			isa = XCConfigurationList;
			buildConfigurations = (
				2C8AEA0B1D5F337C0069B3BD /* Debug */,
				2C8AEA0C1D5F337C0069B3BD /* Release */,
			);
			defaultConfigurationIsVisible = 0;
			defaultConfigurationName = Release;
		};
		2C8AEA0D1D5F337C0069B3BD /* Build configuration list for PBXNativeTarget "kindergartenappUITests" */ = {
			isa = XCConfigurationList;
			buildConfigurations = (
				2C8AEA0E1D5F337C0069B3BD /* Debug */,
				2C8AEA0F1D5F337C0069B3BD /* Release */,
			);
			defaultConfigurationIsVisible = 0;
			defaultConfigurationName = Release;
		};
/* End XCConfigurationList section */
	};
	rootObject = 2C8AE9D21D5F337B0069B3BD /* Project object */;
}
