// !$*UTF8*$!
{
	archiveVersion = 1;
	classes = {
	};
	objectVersion = 46;
	objects = {

/* Begin PBXBuildFile section */
		2C8AE9DF1D5F337B0069B3BD /* main.m in Sources */ = {isa = PBXBuildFile; fileRef = 2C8AE9DE1D5F337B0069B3BD /* main.m */; };
		2C8AE9E21D5F337B0069B3BD /* AppDelegate.m in Sources */ = {isa = PBXBuildFile; fileRef = 2C8AE9E11D5F337B0069B3BD /* AppDelegate.m */; };
		2C8AE9E51D5F337B0069B3BD /* ViewController.m in Sources */ = {isa = PBXBuildFile; fileRef = 2C8AE9E41D5F337B0069B3BD /* ViewController.m */; };
		2C8AE9E81D5F337B0069B3BD /* Main.storyboard in Resources */ = {isa = PBXBuildFile; fileRef = 2C8AE9E61D5F337B0069B3BD /* Main.storyboard */; };
		2C8AE9EA1D5F337B0069B3BD /* Assets.xcassets in Resources */ = {isa = PBXBuildFile; fileRef = 2C8AE9E91D5F337B0069B3BD /* Assets.xcassets */; };
		2C8AE9ED1D5F337B0069B3BD /* LaunchScreen.storyboard in Resources */ = {isa = PBXBuildFile; fileRef = 2C8AE9EB1D5F337B0069B3BD /* LaunchScreen.storyboard */; };
		2C8AE9F81D5F337C0069B3BD /* kindergartenappTests.m in Sources */ = {isa = PBXBuildFile; fileRef = 2C8AE9F71D5F337C0069B3BD /* kindergartenappTests.m */; };
		2C8AEA031D5F337C0069B3BD /* kindergartenappUITests.m in Sources */ = {isa = PBXBuildFile; fileRef = 2C8AEA021D5F337C0069B3BD /* kindergartenappUITests.m */; };
		2C8AEA171D606AB90069B3BD /* UserInfo.m in Sources */ = {isa = PBXBuildFile; fileRef = 2C8AEA161D606AB90069B3BD /* UserInfo.m */; };
		2C9361A01D692E88002E5D4E /* NTButton.m in Sources */ = {isa = PBXBuildFile; fileRef = 2C93619F1D692E88002E5D4E /* NTButton.m */; };
		2C9361AD1D6930E4002E5D4E /* FirstVc.m in Sources */ = {isa = PBXBuildFile; fileRef = 2C9361AC1D6930E4002E5D4E /* FirstVc.m */; };
		2C9361B01D6930F9002E5D4E /* SecondVc.m in Sources */ = {isa = PBXBuildFile; fileRef = 2C9361AF1D6930F9002E5D4E /* SecondVc.m */; };
		2C9361B31D69312A002E5D4E /* ThirdVc.m in Sources */ = {isa = PBXBuildFile; fileRef = 2C9361B21D69312A002E5D4E /* ThirdVc.m */; };
		2C9361B81D693222002E5D4E /* FourthVc.m in Sources */ = {isa = PBXBuildFile; fileRef = 2C9361B71D693222002E5D4E /* FourthVc.m */; };
		2C9361BB1D6932AF002E5D4E /* SettingVc.m in Sources */ = {isa = PBXBuildFile; fileRef = 2C9361BA1D6932AF002E5D4E /* SettingVc.m */; };
		2C9361C41D69D5DB002E5D4E /* WebBrowserTest.m in Sources */ = {isa = PBXBuildFile; fileRef = 2C9361C31D69D5DB002E5D4E /* WebBrowserTest.m */; };
		2C9361C81D69DDF9002E5D4E /* BaseFunc.m in Sources */ = {isa = PBXBuildFile; fileRef = 2C9361C71D69DDF9002E5D4E /* BaseFunc.m */; };
		2C9361CC1D6C8B4D002E5D4E /* ParentInfo.m in Sources */ = {isa = PBXBuildFile; fileRef = 2C9361CB1D6C8B4D002E5D4E /* ParentInfo.m */; };
		2C9361CF1D6C8D44002E5D4E /* Baby.m in Sources */ = {isa = PBXBuildFile; fileRef = 2C9361CE1D6C8D44002E5D4E /* Baby.m */; };
		2C9361D51D6C8EA9002E5D4E /* Class_child.m in Sources */ = {isa = PBXBuildFile; fileRef = 2C9361D41D6C8EA9002E5D4E /* Class_child.m */; };
		2C9361D81D6C8FD7002E5D4E /* TeacherInfo.m in Sources */ = {isa = PBXBuildFile; fileRef = 2C9361D71D6C8FD7002E5D4E /* TeacherInfo.m */; };
		4DDB1AE24EA15B79A798639A /* libPods.a in Frameworks */ = {isa = PBXBuildFile; fileRef = B2C5BBA671F146BFEDCE513B /* libPods.a */; };
		684CB4881D6BE00A0099CEE4 /* GrayPageControl.m in Sources */ = {isa = PBXBuildFile; fileRef = 684CB4821D6BE00A0099CEE4 /* GrayPageControl.m */; };
		684CB4891D6BE00A0099CEE4 /* HcdGuideViewCell.m in Sources */ = {isa = PBXBuildFile; fileRef = 684CB4851D6BE00A0099CEE4 /* HcdGuideViewCell.m */; };
		684CB48A1D6BE00A0099CEE4 /* HcdGuideViewManager.m in Sources */ = {isa = PBXBuildFile; fileRef = 684CB4871D6BE00A0099CEE4 /* HcdGuideViewManager.m */; };
		68F89E051D66DFA700D2C1F0 /* libAFNetworking.a in Frameworks */ = {isa = PBXBuildFile; fileRef = 68F89E041D66DFA700D2C1F0 /* libAFNetworking.a */; };
		68F89E071D66DFAB00D2C1F0 /* libMBProgressHUD.a in Frameworks */ = {isa = PBXBuildFile; fileRef = 68F89E061D66DFAB00D2C1F0 /* libMBProgressHUD.a */; };
		68F89E091D66DFAE00D2C1F0 /* libSDWebImage.a in Frameworks */ = {isa = PBXBuildFile; fileRef = 68F89E081D66DFAE00D2C1F0 /* libSDWebImage.a */; };
		68F89E121D66F1E900D2C1F0 /* Reachability.m in Sources */ = {isa = PBXBuildFile; fileRef = 68F89E0F1D66F1E900D2C1F0 /* Reachability.m */; };
		68F89E131D66F1E900D2C1F0 /* YBMonitorNetWorkState.m in Sources */ = {isa = PBXBuildFile; fileRef = 68F89E111D66F1E900D2C1F0 /* YBMonitorNetWorkState.m */; };
		68F89E171D67057A00D2C1F0 /* MainTabController.m in Sources */ = {isa = PBXBuildFile; fileRef = 68F89E161D67057A00D2C1F0 /* MainTabController.m */; };
/* End PBXBuildFile section */

/* Begin PBXContainerItemProxy section */
		2C8AE9F41D5F337C0069B3BD /* PBXContainerItemProxy */ = {
			isa = PBXContainerItemProxy;
			containerPortal = 2C8AE9D21D5F337B0069B3BD /* Project object */;
			proxyType = 1;
			remoteGlobalIDString = 2C8AE9D91D5F337B0069B3BD;
			remoteInfo = kindergartenapp;
		};
		2C8AE9FF1D5F337C0069B3BD /* PBXContainerItemProxy */ = {
			isa = PBXContainerItemProxy;
			containerPortal = 2C8AE9D21D5F337B0069B3BD /* Project object */;
			proxyType = 1;
			remoteGlobalIDString = 2C8AE9D91D5F337B0069B3BD;
			remoteInfo = kindergartenapp;
		};
/* End PBXContainerItemProxy section */

/* Begin PBXFileReference section */
		2C8AE9DA1D5F337B0069B3BD /* kindergartenapp.app */ = {isa = PBXFileReference; explicitFileType = wrapper.application; includeInIndex = 0; path = kindergartenapp.app; sourceTree = BUILT_PRODUCTS_DIR; };
		2C8AE9DE1D5F337B0069B3BD /* main.m */ = {isa = PBXFileReference; lastKnownFileType = sourcecode.c.objc; path = main.m; sourceTree = "<group>"; };
		2C8AE9E01D5F337B0069B3BD /* AppDelegate.h */ = {isa = PBXFileReference; lastKnownFileType = sourcecode.c.h; path = AppDelegate.h; sourceTree = "<group>"; };
		2C8AE9E11D5F337B0069B3BD /* AppDelegate.m */ = {isa = PBXFileReference; lastKnownFileType = sourcecode.c.objc; path = AppDelegate.m; sourceTree = "<group>"; };
		2C8AE9E31D5F337B0069B3BD /* ViewController.h */ = {isa = PBXFileReference; lastKnownFileType = sourcecode.c.h; path = ViewController.h; sourceTree = "<group>"; };
		2C8AE9E41D5F337B0069B3BD /* ViewController.m */ = {isa = PBXFileReference; lastKnownFileType = sourcecode.c.objc; path = ViewController.m; sourceTree = "<group>"; };
		2C8AE9E71D5F337B0069B3BD /* Base */ = {isa = PBXFileReference; lastKnownFileType = file.storyboard; name = Base; path = Base.lproj/Main.storyboard; sourceTree = "<group>"; };
		2C8AE9E91D5F337B0069B3BD /* Assets.xcassets */ = {isa = PBXFileReference; lastKnownFileType = folder.assetcatalog; path = Assets.xcassets; sourceTree = "<group>"; };
		2C8AE9EC1D5F337B0069B3BD /* Base */ = {isa = PBXFileReference; lastKnownFileType = file.storyboard; name = Base; path = Base.lproj/LaunchScreen.storyboard; sourceTree = "<group>"; };
		2C8AE9EE1D5F337B0069B3BD /* Info.plist */ = {isa = PBXFileReference; lastKnownFileType = text.plist.xml; path = Info.plist; sourceTree = "<group>"; };
		2C8AE9F31D5F337C0069B3BD /* kindergartenappTests.xctest */ = {isa = PBXFileReference; explicitFileType = wrapper.cfbundle; includeInIndex = 0; path = kindergartenappTests.xctest; sourceTree = BUILT_PRODUCTS_DIR; };
		2C8AE9F71D5F337C0069B3BD /* kindergartenappTests.m */ = {isa = PBXFileReference; lastKnownFileType = sourcecode.c.objc; path = kindergartenappTests.m; sourceTree = "<group>"; };
		2C8AE9F91D5F337C0069B3BD /* Info.plist */ = {isa = PBXFileReference; lastKnownFileType = text.plist.xml; path = Info.plist; sourceTree = "<group>"; };
		2C8AE9FE1D5F337C0069B3BD /* kindergartenappUITests.xctest */ = {isa = PBXFileReference; explicitFileType = wrapper.cfbundle; includeInIndex = 0; path = kindergartenappUITests.xctest; sourceTree = BUILT_PRODUCTS_DIR; };
		2C8AEA021D5F337C0069B3BD /* kindergartenappUITests.m */ = {isa = PBXFileReference; lastKnownFileType = sourcecode.c.objc; path = kindergartenappUITests.m; sourceTree = "<group>"; };
		2C8AEA041D5F337C0069B3BD /* Info.plist */ = {isa = PBXFileReference; lastKnownFileType = text.plist.xml; path = Info.plist; sourceTree = "<group>"; };
		2C8AEA151D606AB90069B3BD /* UserInfo.h */ = {isa = PBXFileReference; fileEncoding = 4; lastKnownFileType = sourcecode.c.h; name = UserInfo.h; path = Common/UserInfo.h; sourceTree = "<group>"; };
		2C8AEA161D606AB90069B3BD /* UserInfo.m */ = {isa = PBXFileReference; fileEncoding = 4; lastKnownFileType = sourcecode.c.objc; name = UserInfo.m; path = Common/UserInfo.m; sourceTree = "<group>"; };
		2C93619E1D692E88002E5D4E /* NTButton.h */ = {isa = PBXFileReference; fileEncoding = 4; lastKnownFileType = sourcecode.c.h; path = NTButton.h; sourceTree = "<group>"; };
		2C93619F1D692E88002E5D4E /* NTButton.m */ = {isa = PBXFileReference; fileEncoding = 4; lastKnownFileType = sourcecode.c.objc; path = NTButton.m; sourceTree = "<group>"; };
		2C9361AB1D6930E4002E5D4E /* FirstVc.h */ = {isa = PBXFileReference; fileEncoding = 4; lastKnownFileType = sourcecode.c.h; name = FirstVc.h; path = View/FirstVc/FirstVc.h; sourceTree = "<group>"; };
		2C9361AC1D6930E4002E5D4E /* FirstVc.m */ = {isa = PBXFileReference; fileEncoding = 4; lastKnownFileType = sourcecode.c.objc; name = FirstVc.m; path = View/FirstVc/FirstVc.m; sourceTree = "<group>"; };
		2C9361AE1D6930F9002E5D4E /* SecondVc.h */ = {isa = PBXFileReference; fileEncoding = 4; lastKnownFileType = sourcecode.c.h; name = SecondVc.h; path = View/SecondVc/SecondVc.h; sourceTree = "<group>"; };
		2C9361AF1D6930F9002E5D4E /* SecondVc.m */ = {isa = PBXFileReference; fileEncoding = 4; lastKnownFileType = sourcecode.c.objc; name = SecondVc.m; path = View/SecondVc/SecondVc.m; sourceTree = "<group>"; };
		2C9361B11D69312A002E5D4E /* ThirdVc.h */ = {isa = PBXFileReference; fileEncoding = 4; lastKnownFileType = sourcecode.c.h; name = ThirdVc.h; path = View/ThirdVc/ThirdVc.h; sourceTree = "<group>"; };
		2C9361B21D69312A002E5D4E /* ThirdVc.m */ = {isa = PBXFileReference; fileEncoding = 4; lastKnownFileType = sourcecode.c.objc; name = ThirdVc.m; path = View/ThirdVc/ThirdVc.m; sourceTree = "<group>"; };
		2C9361B61D693222002E5D4E /* FourthVc.h */ = {isa = PBXFileReference; fileEncoding = 4; lastKnownFileType = sourcecode.c.h; name = FourthVc.h; path = View/FourthVc/Controller/FourthVc.h; sourceTree = "<group>"; };
		2C9361B71D693222002E5D4E /* FourthVc.m */ = {isa = PBXFileReference; fileEncoding = 4; lastKnownFileType = sourcecode.c.objc; name = FourthVc.m; path = View/FourthVc/Controller/FourthVc.m; sourceTree = "<group>"; };
		2C9361B91D6932AF002E5D4E /* SettingVc.h */ = {isa = PBXFileReference; fileEncoding = 4; lastKnownFileType = sourcecode.c.h; name = SettingVc.h; path = View/SettingVc/SettingVc.h; sourceTree = "<group>"; };
		2C9361BA1D6932AF002E5D4E /* SettingVc.m */ = {isa = PBXFileReference; fileEncoding = 4; lastKnownFileType = sourcecode.c.objc; name = SettingVc.m; path = View/SettingVc/SettingVc.m; sourceTree = "<group>"; };
		2C9361C21D69D5DB002E5D4E /* WebBrowserTest.h */ = {isa = PBXFileReference; fileEncoding = 4; lastKnownFileType = sourcecode.c.h; name = WebBrowserTest.h; path = View/FirstVc/WebBrowserTest.h; sourceTree = "<group>"; };
		2C9361C31D69D5DB002E5D4E /* WebBrowserTest.m */ = {isa = PBXFileReference; fileEncoding = 4; lastKnownFileType = sourcecode.c.objc; name = WebBrowserTest.m; path = View/FirstVc/WebBrowserTest.m; sourceTree = "<group>"; };
		2C9361C61D69DDF9002E5D4E /* BaseFunc.h */ = {isa = PBXFileReference; fileEncoding = 4; lastKnownFileType = sourcecode.c.h; name = BaseFunc.h; path = Common/BaseFunc.h; sourceTree = "<group>"; };
		2C9361C71D69DDF9002E5D4E /* BaseFunc.m */ = {isa = PBXFileReference; fileEncoding = 4; lastKnownFileType = sourcecode.c.objc; name = BaseFunc.m; path = Common/BaseFunc.m; sourceTree = "<group>"; };
		2C9361CA1D6C8B4D002E5D4E /* ParentInfo.h */ = {isa = PBXFileReference; fileEncoding = 4; lastKnownFileType = sourcecode.c.h; name = ParentInfo.h; path = Common/UserAddition/ParentInfo.h; sourceTree = "<group>"; };
		2C9361CB1D6C8B4D002E5D4E /* ParentInfo.m */ = {isa = PBXFileReference; fileEncoding = 4; lastKnownFileType = sourcecode.c.objc; name = ParentInfo.m; path = Common/UserAddition/ParentInfo.m; sourceTree = "<group>"; };
		2C9361CD1D6C8D44002E5D4E /* Baby.h */ = {isa = PBXFileReference; fileEncoding = 4; lastKnownFileType = sourcecode.c.h; name = Baby.h; path = Common/UserAddition/Baby.h; sourceTree = "<group>"; };
		2C9361CE1D6C8D44002E5D4E /* Baby.m */ = {isa = PBXFileReference; fileEncoding = 4; lastKnownFileType = sourcecode.c.objc; name = Baby.m; path = Common/UserAddition/Baby.m; sourceTree = "<group>"; };
		2C9361D31D6C8EA9002E5D4E /* Class_child.h */ = {isa = PBXFileReference; fileEncoding = 4; lastKnownFileType = sourcecode.c.h; name = Class_child.h; path = Common/UserAddition/Class_child.h; sourceTree = "<group>"; };
		2C9361D41D6C8EA9002E5D4E /* Class_child.m */ = {isa = PBXFileReference; fileEncoding = 4; lastKnownFileType = sourcecode.c.objc; name = Class_child.m; path = Common/UserAddition/Class_child.m; sourceTree = "<group>"; };
		2C9361D61D6C8FD7002E5D4E /* TeacherInfo.h */ = {isa = PBXFileReference; fileEncoding = 4; lastKnownFileType = sourcecode.c.h; name = TeacherInfo.h; path = Common/UserAddition/TeacherInfo.h; sourceTree = "<group>"; };
		2C9361D71D6C8FD7002E5D4E /* TeacherInfo.m */ = {isa = PBXFileReference; fileEncoding = 4; lastKnownFileType = sourcecode.c.objc; name = TeacherInfo.m; path = Common/UserAddition/TeacherInfo.m; sourceTree = "<group>"; };
		684CB4811D6BE00A0099CEE4 /* GrayPageControl.h */ = {isa = PBXFileReference; fileEncoding = 4; lastKnownFileType = sourcecode.c.h; path = GrayPageControl.h; sourceTree = "<group>"; };
		684CB4821D6BE00A0099CEE4 /* GrayPageControl.m */ = {isa = PBXFileReference; fileEncoding = 4; lastKnownFileType = sourcecode.c.objc; path = GrayPageControl.m; sourceTree = "<group>"; };
		684CB4831D6BE00A0099CEE4 /* HcdGuideView.h */ = {isa = PBXFileReference; fileEncoding = 4; lastKnownFileType = sourcecode.c.h; path = HcdGuideView.h; sourceTree = "<group>"; };
		684CB4841D6BE00A0099CEE4 /* HcdGuideViewCell.h */ = {isa = PBXFileReference; fileEncoding = 4; lastKnownFileType = sourcecode.c.h; path = HcdGuideViewCell.h; sourceTree = "<group>"; };
		684CB4851D6BE00A0099CEE4 /* HcdGuideViewCell.m */ = {isa = PBXFileReference; fileEncoding = 4; lastKnownFileType = sourcecode.c.objc; path = HcdGuideViewCell.m; sourceTree = "<group>"; };
		684CB4861D6BE00A0099CEE4 /* HcdGuideViewManager.h */ = {isa = PBXFileReference; fileEncoding = 4; lastKnownFileType = sourcecode.c.h; path = HcdGuideViewManager.h; sourceTree = "<group>"; };
		684CB4871D6BE00A0099CEE4 /* HcdGuideViewManager.m */ = {isa = PBXFileReference; fileEncoding = 4; lastKnownFileType = sourcecode.c.objc; path = HcdGuideViewManager.m; sourceTree = "<group>"; };
		68F89E041D66DFA700D2C1F0 /* libAFNetworking.a */ = {isa = PBXFileReference; lastKnownFileType = archive.ar; name = libAFNetworking.a; path = "Pods/../build/Debug-iphoneos/libAFNetworking.a"; sourceTree = "<group>"; };
		68F89E061D66DFAB00D2C1F0 /* libMBProgressHUD.a */ = {isa = PBXFileReference; lastKnownFileType = archive.ar; name = libMBProgressHUD.a; path = "Pods/../build/Debug-iphoneos/libMBProgressHUD.a"; sourceTree = "<group>"; };
		68F89E081D66DFAE00D2C1F0 /* libSDWebImage.a */ = {isa = PBXFileReference; lastKnownFileType = archive.ar; name = libSDWebImage.a; path = "Pods/../build/Debug-iphoneos/libSDWebImage.a"; sourceTree = "<group>"; };
		68F89E0E1D66F1E900D2C1F0 /* Reachability.h */ = {isa = PBXFileReference; fileEncoding = 4; lastKnownFileType = sourcecode.c.h; path = Reachability.h; sourceTree = "<group>"; };
		68F89E0F1D66F1E900D2C1F0 /* Reachability.m */ = {isa = PBXFileReference; fileEncoding = 4; lastKnownFileType = sourcecode.c.objc; path = Reachability.m; sourceTree = "<group>"; };
		68F89E101D66F1E900D2C1F0 /* YBMonitorNetWorkState.h */ = {isa = PBXFileReference; fileEncoding = 4; lastKnownFileType = sourcecode.c.h; path = YBMonitorNetWorkState.h; sourceTree = "<group>"; };
		68F89E111D66F1E900D2C1F0 /* YBMonitorNetWorkState.m */ = {isa = PBXFileReference; fileEncoding = 4; lastKnownFileType = sourcecode.c.objc; path = YBMonitorNetWorkState.m; sourceTree = "<group>"; };
		68F89E151D67057A00D2C1F0 /* MainTabController.h */ = {isa = PBXFileReference; fileEncoding = 4; lastKnownFileType = sourcecode.c.h; name = MainTabController.h; path = MainController/MainTabController.h; sourceTree = "<group>"; };
		68F89E161D67057A00D2C1F0 /* MainTabController.m */ = {isa = PBXFileReference; fileEncoding = 4; lastKnownFileType = sourcecode.c.objc; name = MainTabController.m; path = MainController/MainTabController.m; sourceTree = "<group>"; };
		B2C5BBA671F146BFEDCE513B /* libPods.a */ = {isa = PBXFileReference; explicitFileType = archive.ar; includeInIndex = 0; path = libPods.a; sourceTree = BUILT_PRODUCTS_DIR; };
		D359E4B71E491FD71813096F /* Pods.debug.xcconfig */ = {isa = PBXFileReference; includeInIndex = 1; lastKnownFileType = text.xcconfig; name = Pods.debug.xcconfig; path = "Pods/Target Support Files/Pods/Pods.debug.xcconfig"; sourceTree = "<group>"; };
		D5D1F35B18B696CBA04EA63B /* Pods.release.xcconfig */ = {isa = PBXFileReference; includeInIndex = 1; lastKnownFileType = text.xcconfig; name = Pods.release.xcconfig; path = "Pods/Target Support Files/Pods/Pods.release.xcconfig"; sourceTree = "<group>"; };
/* End PBXFileReference section */

/* Begin PBXFrameworksBuildPhase section */
		2C8AE9D71D5F337B0069B3BD /* Frameworks */ = {
			isa = PBXFrameworksBuildPhase;
			buildActionMask = 2147483647;
			files = (
				68F89E091D66DFAE00D2C1F0 /* libSDWebImage.a in Frameworks */,
				68F89E071D66DFAB00D2C1F0 /* libMBProgressHUD.a in Frameworks */,
				68F89E051D66DFA700D2C1F0 /* libAFNetworking.a in Frameworks */,
				4DDB1AE24EA15B79A798639A /* libPods.a in Frameworks */,
			);
			runOnlyForDeploymentPostprocessing = 0;
		};
		2C8AE9F01D5F337C0069B3BD /* Frameworks */ = {
			isa = PBXFrameworksBuildPhase;
			buildActionMask = 2147483647;
			files = (
			);
			runOnlyForDeploymentPostprocessing = 0;
		};
		2C8AE9FB1D5F337C0069B3BD /* Frameworks */ = {
			isa = PBXFrameworksBuildPhase;
			buildActionMask = 2147483647;
			files = (
			);
			runOnlyForDeploymentPostprocessing = 0;
		};
/* End PBXFrameworksBuildPhase section */

/* Begin PBXGroup section */
		2C8AE9D11D5F337B0069B3BD = {
			isa = PBXGroup;
			children = (
				2C8AE9DC1D5F337B0069B3BD /* kindergartenapp */,
				2C8AE9F61D5F337C0069B3BD /* kindergartenappTests */,
				2C8AEA011D5F337C0069B3BD /* kindergartenappUITests */,
				2C8AE9DB1D5F337B0069B3BD /* Products */,
				3886FF6AB1FA59CD77E9A151 /* Pods */,
				58410DE252D473D1171250F7 /* Frameworks */,
			);
			sourceTree = "<group>";
		};
		2C8AE9DB1D5F337B0069B3BD /* Products */ = {
			isa = PBXGroup;
			children = (
				2C8AE9DA1D5F337B0069B3BD /* kindergartenapp.app */,
				2C8AE9F31D5F337C0069B3BD /* kindergartenappTests.xctest */,
				2C8AE9FE1D5F337C0069B3BD /* kindergartenappUITests.xctest */,
			);
			name = Products;
			sourceTree = "<group>";
		};
		2C8AE9DC1D5F337B0069B3BD /* kindergartenapp */ = {
			isa = PBXGroup;
			children = (
				68F89E141D67053600D2C1F0 /* MainController */,
				68F89E0B1D66F1E900D2C1F0 /* OpenSource */,
				2C8AEA141D606A9C0069B3BD /* Common */,
				2C8AEA101D6069FA0069B3BD /* View */,
				2C8AE9E01D5F337B0069B3BD /* AppDelegate.h */,
				2C8AE9E11D5F337B0069B3BD /* AppDelegate.m */,
				2C8AE9E31D5F337B0069B3BD /* ViewController.h */,
				2C8AE9E41D5F337B0069B3BD /* ViewController.m */,
				2C8AE9E61D5F337B0069B3BD /* Main.storyboard */,
				2C8AE9E91D5F337B0069B3BD /* Assets.xcassets */,
				2C8AE9EB1D5F337B0069B3BD /* LaunchScreen.storyboard */,
				2C8AE9EE1D5F337B0069B3BD /* Info.plist */,
				2C8AE9DD1D5F337B0069B3BD /* Supporting Files */,
			);
			path = kindergartenapp;
			sourceTree = "<group>";
		};
		2C8AE9DD1D5F337B0069B3BD /* Supporting Files */ = {
			isa = PBXGroup;
			children = (
				2C8AE9DE1D5F337B0069B3BD /* main.m */,
			);
			name = "Supporting Files";
			sourceTree = "<group>";
		};
		2C8AE9F61D5F337C0069B3BD /* kindergartenappTests */ = {
			isa = PBXGroup;
			children = (
				2C8AE9F71D5F337C0069B3BD /* kindergartenappTests.m */,
				2C8AE9F91D5F337C0069B3BD /* Info.plist */,
			);
			path = kindergartenappTests;
			sourceTree = "<group>";
		};
		2C8AEA011D5F337C0069B3BD /* kindergartenappUITests */ = {
			isa = PBXGroup;
			children = (
				2C8AEA021D5F337C0069B3BD /* kindergartenappUITests.m */,
				2C8AEA041D5F337C0069B3BD /* Info.plist */,
			);
			path = kindergartenappUITests;
			sourceTree = "<group>";
		};
		2C8AEA101D6069FA0069B3BD /* View */ = {
			isa = PBXGroup;
			children = (
				2C9361BC1D6932B9002E5D4E /* SettingVc */,
				2C9361B41D6931BD002E5D4E /* FourthVc */,
				2C9361A91D693085002E5D4E /* ThirdVc */,
				2C9361A71D693001002E5D4E /* SecondVc */,
				2C9361A51D692FDD002E5D4E /* FirstVc */,
			);
			name = View;
			sourceTree = "<group>";
		};
		2C8AEA141D606A9C0069B3BD /* Common */ = {
			isa = PBXGroup;
			children = (
				2C9361C51D69DDB7002E5D4E /* Base */,
				2C9361BE1D696F10002E5D4E /* User */,
			);
			name = Common;
			sourceTree = "<group>";
		};
		2C93619D1D692E88002E5D4E /* Modal */ = {
			isa = PBXGroup;
			children = (
				2C93619E1D692E88002E5D4E /* NTButton.h */,
				2C93619F1D692E88002E5D4E /* NTButton.m */,
			);
			name = Modal;
			path = MainController/Modal;
			sourceTree = "<group>";
		};
		2C9361A41D692FD0002E5D4E /* View */ = {
			isa = PBXGroup;
			children = (
			);
			name = View;
			sourceTree = "<group>";
		};
		2C9361A51D692FDD002E5D4E /* FirstVc */ = {
			isa = PBXGroup;
			children = (
				2C9361A61D692FE8002E5D4E /* Controller */,
				2C9361A41D692FD0002E5D4E /* View */,
			);
			name = FirstVc;
			sourceTree = "<group>";
		};
		2C9361A61D692FE8002E5D4E /* Controller */ = {
			isa = PBXGroup;
			children = (
				2C9361AB1D6930E4002E5D4E /* FirstVc.h */,
				2C9361AC1D6930E4002E5D4E /* FirstVc.m */,
				2C9361C21D69D5DB002E5D4E /* WebBrowserTest.h */,
				2C9361C31D69D5DB002E5D4E /* WebBrowserTest.m */,
			);
			name = Controller;
			sourceTree = "<group>";
		};
		2C9361A71D693001002E5D4E /* SecondVc */ = {
			isa = PBXGroup;
			children = (
				2C9361A81D693009002E5D4E /* Controller */,
			);
			name = SecondVc;
			sourceTree = "<group>";
		};
		2C9361A81D693009002E5D4E /* Controller */ = {
			isa = PBXGroup;
			children = (
				2C9361AE1D6930F9002E5D4E /* SecondVc.h */,
				2C9361AF1D6930F9002E5D4E /* SecondVc.m */,
			);
			name = Controller;
			sourceTree = "<group>";
		};
		2C9361A91D693085002E5D4E /* ThirdVc */ = {
			isa = PBXGroup;
			children = (
				2C9361AA1D69308C002E5D4E /* Controller */,
			);
			name = ThirdVc;
			sourceTree = "<group>";
		};
		2C9361AA1D69308C002E5D4E /* Controller */ = {
			isa = PBXGroup;
			children = (
				2C9361B11D69312A002E5D4E /* ThirdVc.h */,
				2C9361B21D69312A002E5D4E /* ThirdVc.m */,
			);
			name = Controller;
			sourceTree = "<group>";
		};
		2C9361B41D6931BD002E5D4E /* FourthVc */ = {
			isa = PBXGroup;
			children = (
				2C9361B51D6931C7002E5D4E /* Controller */,
			);
			name = FourthVc;
			sourceTree = "<group>";
		};
		2C9361B51D6931C7002E5D4E /* Controller */ = {
			isa = PBXGroup;
			children = (
				2C9361B61D693222002E5D4E /* FourthVc.h */,
				2C9361B71D693222002E5D4E /* FourthVc.m */,
			);
			name = Controller;
			sourceTree = "<group>";
		};
		2C9361BC1D6932B9002E5D4E /* SettingVc */ = {
			isa = PBXGroup;
			children = (
				2C9361BD1D6932C2002E5D4E /* Controller */,
			);
			name = SettingVc;
			sourceTree = "<group>";
		};
		2C9361BD1D6932C2002E5D4E /* Controller */ = {
			isa = PBXGroup;
			children = (
				2C9361B91D6932AF002E5D4E /* SettingVc.h */,
				2C9361BA1D6932AF002E5D4E /* SettingVc.m */,
			);
			name = Controller;
			sourceTree = "<group>";
		};
		2C9361BE1D696F10002E5D4E /* User */ = {
			isa = PBXGroup;
			children = (
				2C9361C91D6C8B1A002E5D4E /* UserAdditon */,
				2C8AEA151D606AB90069B3BD /* UserInfo.h */,
				2C8AEA161D606AB90069B3BD /* UserInfo.m */,
			);
			name = User;
			sourceTree = "<group>";
		};
		2C9361C51D69DDB7002E5D4E /* Base */ = {
			isa = PBXGroup;
			children = (
				2C9361C61D69DDF9002E5D4E /* BaseFunc.h */,
				2C9361C71D69DDF9002E5D4E /* BaseFunc.m */,
			);
			name = Base;
			sourceTree = "<group>";
		};
		2C9361C91D6C8B1A002E5D4E /* UserAdditon */ = {
			isa = PBXGroup;
			children = (
				2C9361CA1D6C8B4D002E5D4E /* ParentInfo.h */,
				2C9361CB1D6C8B4D002E5D4E /* ParentInfo.m */,
				2C9361CD1D6C8D44002E5D4E /* Baby.h */,
				2C9361CE1D6C8D44002E5D4E /* Baby.m */,
				2C9361D31D6C8EA9002E5D4E /* Class_child.h */,
				2C9361D41D6C8EA9002E5D4E /* Class_child.m */,
				2C9361D61D6C8FD7002E5D4E /* TeacherInfo.h */,
				2C9361D71D6C8FD7002E5D4E /* TeacherInfo.m */,
			);
			name = UserAdditon;
			sourceTree = "<group>";
		};
		3886FF6AB1FA59CD77E9A151 /* Pods */ = {
			isa = PBXGroup;
			children = (
				D359E4B71E491FD71813096F /* Pods.debug.xcconfig */,
				D5D1F35B18B696CBA04EA63B /* Pods.release.xcconfig */,
			);
			name = Pods;
			sourceTree = "<group>";
		};
		58410DE252D473D1171250F7 /* Frameworks */ = {
			isa = PBXGroup;
			children = (
				68F89E081D66DFAE00D2C1F0 /* libSDWebImage.a */,
				68F89E061D66DFAB00D2C1F0 /* libMBProgressHUD.a */,
				68F89E041D66DFA700D2C1F0 /* libAFNetworking.a */,
				B2C5BBA671F146BFEDCE513B /* libPods.a */,
			);
			name = Frameworks;
			sourceTree = "<group>";
		};
		684CB4801D6BE00A0099CEE4 /* HcdGuideView */ = {
			isa = PBXGroup;
			children = (
				684CB4811D6BE00A0099CEE4 /* GrayPageControl.h */,
				684CB4821D6BE00A0099CEE4 /* GrayPageControl.m */,
				684CB4831D6BE00A0099CEE4 /* HcdGuideView.h */,
				684CB4841D6BE00A0099CEE4 /* HcdGuideViewCell.h */,
				684CB4851D6BE00A0099CEE4 /* HcdGuideViewCell.m */,
				684CB4861D6BE00A0099CEE4 /* HcdGuideViewManager.h */,
				684CB4871D6BE00A0099CEE4 /* HcdGuideViewManager.m */,
			);
			path = HcdGuideView;
			sourceTree = "<group>";
		};
		68F89E0B1D66F1E900D2C1F0 /* OpenSource */ = {
			isa = PBXGroup;
			children = (
				684CB4801D6BE00A0099CEE4 /* HcdGuideView */,
				68F89E0C1D66F1E900D2C1F0 /* NetWork */,
			);
			path = OpenSource;
			sourceTree = "<group>";
		};
		68F89E0C1D66F1E900D2C1F0 /* NetWork */ = {
			isa = PBXGroup;
			children = (
				68F89E0D1D66F1E900D2C1F0 /* Network */,
			);
			path = NetWork;
			sourceTree = "<group>";
		};
		68F89E0D1D66F1E900D2C1F0 /* Network */ = {
			isa = PBXGroup;
			children = (
				68F89E0E1D66F1E900D2C1F0 /* Reachability.h */,
				68F89E0F1D66F1E900D2C1F0 /* Reachability.m */,
				68F89E101D66F1E900D2C1F0 /* YBMonitorNetWorkState.h */,
				68F89E111D66F1E900D2C1F0 /* YBMonitorNetWorkState.m */,
			);
			path = Network;
			sourceTree = "<group>";
		};
		68F89E141D67053600D2C1F0 /* MainController */ = {
			isa = PBXGroup;
			children = (
				2C93619D1D692E88002E5D4E /* Modal */,
				68F89E151D67057A00D2C1F0 /* MainTabController.h */,
				68F89E161D67057A00D2C1F0 /* MainTabController.m */,
			);
			name = MainController;
			sourceTree = "<group>";
		};
/* End PBXGroup section */

/* Begin PBXNativeTarget section */
		2C8AE9D91D5F337B0069B3BD /* kindergartenapp */ = {
			isa = PBXNativeTarget;
			buildConfigurationList = 2C8AEA071D5F337C0069B3BD /* Build configuration list for PBXNativeTarget "kindergartenapp" */;
			buildPhases = (
				CA6FB760336651521193645F /* Check Pods Manifest.lock */,
				2C8AE9D61D5F337B0069B3BD /* Sources */,
				2C8AE9D71D5F337B0069B3BD /* Frameworks */,
				2C8AE9D81D5F337B0069B3BD /* Resources */,
				E30CF8C1D0D78C9A9AEEC8CE /* Embed Pods Frameworks */,
				EBA1D8C2DEF719FCDAD72582 /* Copy Pods Resources */,
			);
			buildRules = (
			);
			dependencies = (
			);
			name = kindergartenapp;
			productName = kindergartenapp;
			productReference = 2C8AE9DA1D5F337B0069B3BD /* kindergartenapp.app */;
			productType = "com.apple.product-type.application";
		};
		2C8AE9F21D5F337C0069B3BD /* kindergartenappTests */ = {
			isa = PBXNativeTarget;
			buildConfigurationList = 2C8AEA0A1D5F337C0069B3BD /* Build configuration list for PBXNativeTarget "kindergartenappTests" */;
			buildPhases = (
				2C8AE9EF1D5F337C0069B3BD /* Sources */,
				2C8AE9F01D5F337C0069B3BD /* Frameworks */,
				2C8AE9F11D5F337C0069B3BD /* Resources */,
			);
			buildRules = (
			);
			dependencies = (
				2C8AE9F51D5F337C0069B3BD /* PBXTargetDependency */,
			);
			name = kindergartenappTests;
			productName = kindergartenappTests;
			productReference = 2C8AE9F31D5F337C0069B3BD /* kindergartenappTests.xctest */;
			productType = "com.apple.product-type.bundle.unit-test";
		};
		2C8AE9FD1D5F337C0069B3BD /* kindergartenappUITests */ = {
			isa = PBXNativeTarget;
			buildConfigurationList = 2C8AEA0D1D5F337C0069B3BD /* Build configuration list for PBXNativeTarget "kindergartenappUITests" */;
			buildPhases = (
				2C8AE9FA1D5F337C0069B3BD /* Sources */,
				2C8AE9FB1D5F337C0069B3BD /* Frameworks */,
				2C8AE9FC1D5F337C0069B3BD /* Resources */,
			);
			buildRules = (
			);
			dependencies = (
				2C8AEA001D5F337C0069B3BD /* PBXTargetDependency */,
			);
			name = kindergartenappUITests;
			productName = kindergartenappUITests;
			productReference = 2C8AE9FE1D5F337C0069B3BD /* kindergartenappUITests.xctest */;
			productType = "com.apple.product-type.bundle.ui-testing";
		};
/* End PBXNativeTarget section */

/* Begin PBXProject section */
		2C8AE9D21D5F337B0069B3BD /* Project object */ = {
			isa = PBXProject;
			attributes = {
				LastUpgradeCheck = 0730;
				ORGANIZATIONNAME = "zr-mac";
				TargetAttributes = {
					2C8AE9D91D5F337B0069B3BD = {
						CreatedOnToolsVersion = 7.3.1;
						DevelopmentTeam = K2XM9WW286;
					};
					2C8AE9F21D5F337C0069B3BD = {
						CreatedOnToolsVersion = 7.3.1;
						TestTargetID = 2C8AE9D91D5F337B0069B3BD;
					};
					2C8AE9FD1D5F337C0069B3BD = {
						CreatedOnToolsVersion = 7.3.1;
						TestTargetID = 2C8AE9D91D5F337B0069B3BD;
					};
				};
			};
			buildConfigurationList = 2C8AE9D51D5F337B0069B3BD /* Build configuration list for PBXProject "kindergartenapp" */;
			compatibilityVersion = "Xcode 3.2";
			developmentRegion = English;
			hasScannedForEncodings = 0;
			knownRegions = (
				en,
				Base,
			);
			mainGroup = 2C8AE9D11D5F337B0069B3BD;
			productRefGroup = 2C8AE9DB1D5F337B0069B3BD /* Products */;
			projectDirPath = "";
			projectRoot = "";
			targets = (
				2C8AE9D91D5F337B0069B3BD /* kindergartenapp */,
				2C8AE9F21D5F337C0069B3BD /* kindergartenappTests */,
				2C8AE9FD1D5F337C0069B3BD /* kindergartenappUITests */,
			);
		};
/* End PBXProject section */

/* Begin PBXResourcesBuildPhase section */
		2C8AE9D81D5F337B0069B3BD /* Resources */ = {
			isa = PBXResourcesBuildPhase;
			buildActionMask = 2147483647;
			files = (
				2C8AE9ED1D5F337B0069B3BD /* LaunchScreen.storyboard in Resources */,
				2C8AE9EA1D5F337B0069B3BD /* Assets.xcassets in Resources */,
				2C8AE9E81D5F337B0069B3BD /* Main.storyboard in Resources */,
			);
			runOnlyForDeploymentPostprocessing = 0;
		};
		2C8AE9F11D5F337C0069B3BD /* Resources */ = {
			isa = PBXResourcesBuildPhase;
			buildActionMask = 2147483647;
			files = (
			);
			runOnlyForDeploymentPostprocessing = 0;
		};
		2C8AE9FC1D5F337C0069B3BD /* Resources */ = {
			isa = PBXResourcesBuildPhase;
			buildActionMask = 2147483647;
			files = (
			);
			runOnlyForDeploymentPostprocessing = 0;
		};
/* End PBXResourcesBuildPhase section */

/* Begin PBXShellScriptBuildPhase section */
		CA6FB760336651521193645F /* Check Pods Manifest.lock */ = {
			isa = PBXShellScriptBuildPhase;
			buildActionMask = 2147483647;
			files = (
			);
			inputPaths = (
			);
			name = "Check Pods Manifest.lock";
			outputPaths = (
			);
			runOnlyForDeploymentPostprocessing = 0;
			shellPath = /bin/sh;
			shellScript = "diff \"${PODS_ROOT}/../Podfile.lock\" \"${PODS_ROOT}/Manifest.lock\" > /dev/null\nif [[ $? != 0 ]] ; then\n    cat << EOM\nerror: The sandbox is not in sync with the Podfile.lock. Run 'pod install' or update your CocoaPods installation.\nEOM\n    exit 1\nfi\n";
			showEnvVarsInLog = 0;
		};
		E30CF8C1D0D78C9A9AEEC8CE /* Embed Pods Frameworks */ = {
			isa = PBXShellScriptBuildPhase;
			buildActionMask = 2147483647;
			files = (
			);
			inputPaths = (
			);
			name = "Embed Pods Frameworks";
			outputPaths = (
			);
			runOnlyForDeploymentPostprocessing = 0;
			shellPath = /bin/sh;
			shellScript = "\"${SRCROOT}/Pods/Target Support Files/Pods/Pods-frameworks.sh\"\n";
			showEnvVarsInLog = 0;
		};
		EBA1D8C2DEF719FCDAD72582 /* Copy Pods Resources */ = {
			isa = PBXShellScriptBuildPhase;
			buildActionMask = 2147483647;
			files = (
			);
			inputPaths = (
			);
			name = "Copy Pods Resources";
			outputPaths = (
			);
			runOnlyForDeploymentPostprocessing = 0;
			shellPath = /bin/sh;
			shellScript = "\"${SRCROOT}/Pods/Target Support Files/Pods/Pods-resources.sh\"\n";
			showEnvVarsInLog = 0;
		};
/* End PBXShellScriptBuildPhase section */

/* Begin PBXSourcesBuildPhase section */
		2C8AE9D61D5F337B0069B3BD /* Sources */ = {
			isa = PBXSourcesBuildPhase;
			buildActionMask = 2147483647;
			files = (
				2C8AE9E51D5F337B0069B3BD /* ViewController.m in Sources */,
				2C8AE9E21D5F337B0069B3BD /* AppDelegate.m in Sources */,
				2C8AEA171D606AB90069B3BD /* UserInfo.m in Sources */,
				2C9361B31D69312A002E5D4E /* ThirdVc.m in Sources */,
				2C9361D81D6C8FD7002E5D4E /* TeacherInfo.m in Sources */,
				2C9361BB1D6932AF002E5D4E /* SettingVc.m in Sources */,
				2C9361D51D6C8EA9002E5D4E /* Class_child.m in Sources */,
				68F89E121D66F1E900D2C1F0 /* Reachability.m in Sources */,
				68F89E131D66F1E900D2C1F0 /* YBMonitorNetWorkState.m in Sources */,
				684CB4891D6BE00A0099CEE4 /* HcdGuideViewCell.m in Sources */,
				68F89E171D67057A00D2C1F0 /* MainTabController.m in Sources */,
				2C9361A01D692E88002E5D4E /* NTButton.m in Sources */,
				2C9361CC1D6C8B4D002E5D4E /* ParentInfo.m in Sources */,
				2C8AE9DF1D5F337B0069B3BD /* main.m in Sources */,
				684CB48A1D6BE00A0099CEE4 /* HcdGuideViewManager.m in Sources */,
				2C9361B01D6930F9002E5D4E /* SecondVc.m in Sources */,
				2C9361C41D69D5DB002E5D4E /* WebBrowserTest.m in Sources */,
				2C9361CF1D6C8D44002E5D4E /* Baby.m in Sources */,
				2C9361C81D69DDF9002E5D4E /* BaseFunc.m in Sources */,
				684CB4881D6BE00A0099CEE4 /* GrayPageControl.m in Sources */,
				2C9361B81D693222002E5D4E /* FourthVc.m in Sources */,
				2C9361AD1D6930E4002E5D4E /* FirstVc.m in Sources */,
			);
			runOnlyForDeploymentPostprocessing = 0;
		};
		2C8AE9EF1D5F337C0069B3BD /* Sources */ = {
			isa = PBXSourcesBuildPhase;
			buildActionMask = 2147483647;
			files = (
				2C8AE9F81D5F337C0069B3BD /* kindergartenappTests.m in Sources */,
			);
			runOnlyForDeploymentPostprocessing = 0;
		};
		2C8AE9FA1D5F337C0069B3BD /* Sources */ = {
			isa = PBXSourcesBuildPhase;
			buildActionMask = 2147483647;
			files = (
				2C8AEA031D5F337C0069B3BD /* kindergartenappUITests.m in Sources */,
			);
			runOnlyForDeploymentPostprocessing = 0;
		};
/* End PBXSourcesBuildPhase section */

/* Begin PBXTargetDependency section */
		2C8AE9F51D5F337C0069B3BD /* PBXTargetDependency */ = {
			isa = PBXTargetDependency;
			target = 2C8AE9D91D5F337B0069B3BD /* kindergartenapp */;
			targetProxy = 2C8AE9F41D5F337C0069B3BD /* PBXContainerItemProxy */;
		};
		2C8AEA001D5F337C0069B3BD /* PBXTargetDependency */ = {
			isa = PBXTargetDependency;
			target = 2C8AE9D91D5F337B0069B3BD /* kindergartenapp */;
			targetProxy = 2C8AE9FF1D5F337C0069B3BD /* PBXContainerItemProxy */;
		};
/* End PBXTargetDependency section */

/* Begin PBXVariantGroup section */
		2C8AE9E61D5F337B0069B3BD /* Main.storyboard */ = {
			isa = PBXVariantGroup;
			children = (
				2C8AE9E71D5F337B0069B3BD /* Base */,
			);
			name = Main.storyboard;
			sourceTree = "<group>";
		};
		2C8AE9EB1D5F337B0069B3BD /* LaunchScreen.storyboard */ = {
			isa = PBXVariantGroup;
			children = (
				2C8AE9EC1D5F337B0069B3BD /* Base */,
			);
			name = LaunchScreen.storyboard;
			sourceTree = "<group>";
		};
/* End PBXVariantGroup section */

/* Begin XCBuildConfiguration section */
		2C8AEA051D5F337C0069B3BD /* Debug */ = {
			isa = XCBuildConfiguration;
			buildSettings = {
				ALWAYS_SEARCH_USER_PATHS = NO;
				CLANG_ANALYZER_NONNULL = YES;
				CLANG_CXX_LANGUAGE_STANDARD = "gnu++0x";
				CLANG_CXX_LIBRARY = "libc++";
				CLANG_ENABLE_MODULES = YES;
				CLANG_ENABLE_OBJC_ARC = YES;
				CLANG_WARN_BOOL_CONVERSION = YES;
				CLANG_WARN_CONSTANT_CONVERSION = YES;
				CLANG_WARN_DIRECT_OBJC_ISA_USAGE = YES_ERROR;
				CLANG_WARN_EMPTY_BODY = YES;
				CLANG_WARN_ENUM_CONVERSION = YES;
				CLANG_WARN_INT_CONVERSION = YES;
				CLANG_WARN_OBJC_ROOT_CLASS = YES_ERROR;
				CLANG_WARN_UNREACHABLE_CODE = YES;
				CLANG_WARN__DUPLICATE_METHOD_MATCH = YES;
				"CODE_SIGN_IDENTITY[sdk=iphoneos*]" = "iPhone Developer";
				COPY_PHASE_STRIP = NO;
				DEBUG_INFORMATION_FORMAT = dwarf;
				ENABLE_STRICT_OBJC_MSGSEND = YES;
				ENABLE_TESTABILITY = YES;
				GCC_C_LANGUAGE_STANDARD = gnu99;
				GCC_DYNAMIC_NO_PIC = NO;
				GCC_NO_COMMON_BLOCKS = YES;
				GCC_OPTIMIZATION_LEVEL = 0;
				GCC_PREPROCESSOR_DEFINITIONS = (
					"DEBUG=1",
					"$(inherited)",
				);
				GCC_WARN_64_TO_32_BIT_CONVERSION = YES;
				GCC_WARN_ABOUT_RETURN_TYPE = YES_ERROR;
				GCC_WARN_UNDECLARED_SELECTOR = YES;
				GCC_WARN_UNINITIALIZED_AUTOS = YES_AGGRESSIVE;
				GCC_WARN_UNUSED_FUNCTION = YES;
				GCC_WARN_UNUSED_VARIABLE = YES;
				IPHONEOS_DEPLOYMENT_TARGET = 9.3;
				MTL_ENABLE_DEBUG_INFO = YES;
				ONLY_ACTIVE_ARCH = YES;
				SDKROOT = iphoneos;
			};
			name = Debug;
		};
		2C8AEA061D5F337C0069B3BD /* Release */ = {
			isa = XCBuildConfiguration;
			buildSettings = {
				ALWAYS_SEARCH_USER_PATHS = NO;
				CLANG_ANALYZER_NONNULL = YES;
				CLANG_CXX_LANGUAGE_STANDARD = "gnu++0x";
				CLANG_CXX_LIBRARY = "libc++";
				CLANG_ENABLE_MODULES = YES;
				CLANG_ENABLE_OBJC_ARC = YES;
				CLANG_WARN_BOOL_CONVERSION = YES;
				CLANG_WARN_CONSTANT_CONVERSION = YES;
				CLANG_WARN_DIRECT_OBJC_ISA_USAGE = YES_ERROR;
				CLANG_WARN_EMPTY_BODY = YES;
				CLANG_WARN_ENUM_CONVERSION = YES;
				CLANG_WARN_INT_CONVERSION = YES;
				CLANG_WARN_OBJC_ROOT_CLASS = YES_ERROR;
				CLANG_WARN_UNREACHABLE_CODE = YES;
				CLANG_WARN__DUPLICATE_METHOD_MATCH = YES;
				"CODE_SIGN_IDENTITY[sdk=iphoneos*]" = "iPhone Developer";
				COPY_PHASE_STRIP = NO;
				DEBUG_INFORMATION_FORMAT = "dwarf-with-dsym";
				ENABLE_NS_ASSERTIONS = NO;
				ENABLE_STRICT_OBJC_MSGSEND = YES;
				GCC_C_LANGUAGE_STANDARD = gnu99;
				GCC_NO_COMMON_BLOCKS = YES;
				GCC_WARN_64_TO_32_BIT_CONVERSION = YES;
				GCC_WARN_ABOUT_RETURN_TYPE = YES_ERROR;
				GCC_WARN_UNDECLARED_SELECTOR = YES;
				GCC_WARN_UNINITIALIZED_AUTOS = YES_AGGRESSIVE;
				GCC_WARN_UNUSED_FUNCTION = YES;
				GCC_WARN_UNUSED_VARIABLE = YES;
				IPHONEOS_DEPLOYMENT_TARGET = 9.3;
				MTL_ENABLE_DEBUG_INFO = NO;
				SDKROOT = iphoneos;
				VALIDATE_PRODUCT = YES;
			};
			name = Release;
		};
		2C8AEA081D5F337C0069B3BD /* Debug */ = {
			isa = XCBuildConfiguration;
			baseConfigurationReference = D359E4B71E491FD71813096F /* Pods.debug.xcconfig */;
			buildSettings = {
				ASSETCATALOG_COMPILER_APPICON_NAME = AppIcon;
				CODE_SIGN_IDENTITY = "iPhone Developer";
				INFOPLIST_FILE = kindergartenapp/Info.plist;
				IPHONEOS_DEPLOYMENT_TARGET = 8.1;
				LD_RUNPATH_SEARCH_PATHS = "$(inherited) @executable_path/Frameworks";
				LIBRARY_SEARCH_PATHS = (
					"$(inherited)",
					"$(PROJECT_DIR)/build/Debug-iphoneos",
				);
				PRODUCT_BUNDLE_IDENTIFIER = cn.hnsi.kindergartenapp;
				PRODUCT_NAME = "$(TARGET_NAME)";
			};
			name = Debug;
		};
		2C8AEA091D5F337C0069B3BD /* Release */ = {
			isa = XCBuildConfiguration;
			baseConfigurationReference = D5D1F35B18B696CBA04EA63B /* Pods.release.xcconfig */;
			buildSettings = {
				ASSETCATALOG_COMPILER_APPICON_NAME = AppIcon;
				CODE_SIGN_IDENTITY = "iPhone Developer";
				INFOPLIST_FILE = kindergartenapp/Info.plist;
				IPHONEOS_DEPLOYMENT_TARGET = 8.1;
				LD_RUNPATH_SEARCH_PATHS = "$(inherited) @executable_path/Frameworks";
				LIBRARY_SEARCH_PATHS = (
					"$(inherited)",
					"$(PROJECT_DIR)/build/Debug-iphoneos",
				);
				PRODUCT_BUNDLE_IDENTIFIER = cn.hnsi.kindergartenapp;
				PRODUCT_NAME = "$(TARGET_NAME)";
			};
			name = Release;
		};
		2C8AEA0B1D5F337C0069B3BD /* Debug */ = {
			isa = XCBuildConfiguration;
			buildSettings = {
				BUNDLE_LOADER = "$(TEST_HOST)";
				INFOPLIST_FILE = kindergartenappTests/Info.plist;
				LD_RUNPATH_SEARCH_PATHS = "$(inherited) @executable_path/Frameworks @loader_path/Frameworks";
				PRODUCT_BUNDLE_IDENTIFIER = com.nsc.kindergartenappTests;
				PRODUCT_NAME = "$(TARGET_NAME)";
				TEST_HOST = "$(BUILT_PRODUCTS_DIR)/kindergartenapp.app/kindergartenapp";
			};
			name = Debug;
		};
		2C8AEA0C1D5F337C0069B3BD /* Release */ = {
			isa = XCBuildConfiguration;
			buildSettings = {
				BUNDLE_LOADER = "$(TEST_HOST)";
				INFOPLIST_FILE = kindergartenappTests/Info.plist;
				LD_RUNPATH_SEARCH_PATHS = "$(inherited) @executable_path/Frameworks @loader_path/Frameworks";
				PRODUCT_BUNDLE_IDENTIFIER = com.nsc.kindergartenappTests;
				PRODUCT_NAME = "$(TARGET_NAME)";
				TEST_HOST = "$(BUILT_PRODUCTS_DIR)/kindergartenapp.app/kindergartenapp";
			};
			name = Release;
		};
		2C8AEA0E1D5F337C0069B3BD /* Debug */ = {
			isa = XCBuildConfiguration;
			buildSettings = {
				INFOPLIST_FILE = kindergartenappUITests/Info.plist;
				LD_RUNPATH_SEARCH_PATHS = "$(inherited) @executable_path/Frameworks @loader_path/Frameworks";
				PRODUCT_BUNDLE_IDENTIFIER = com.nsc.kindergartenappUITests;
				PRODUCT_NAME = "$(TARGET_NAME)";
				TEST_TARGET_NAME = kindergartenapp;
			};
			name = Debug;
		};
		2C8AEA0F1D5F337C0069B3BD /* Release */ = {
			isa = XCBuildConfiguration;
			buildSettings = {
				INFOPLIST_FILE = kindergartenappUITests/Info.plist;
				LD_RUNPATH_SEARCH_PATHS = "$(inherited) @executable_path/Frameworks @loader_path/Frameworks";
				PRODUCT_BUNDLE_IDENTIFIER = com.nsc.kindergartenappUITests;
				PRODUCT_NAME = "$(TARGET_NAME)";
				TEST_TARGET_NAME = kindergartenapp;
			};
			name = Release;
		};
/* End XCBuildConfiguration section */

/* Begin XCConfigurationList section */
		2C8AE9D51D5F337B0069B3BD /* Build configuration list for PBXProject "kindergartenapp" */ = {
			isa = XCConfigurationList;
			buildConfigurations = (
				2C8AEA051D5F337C0069B3BD /* Debug */,
				2C8AEA061D5F337C0069B3BD /* Release */,
			);
			defaultConfigurationIsVisible = 0;
			defaultConfigurationName = Release;
		};
		2C8AEA071D5F337C0069B3BD /* Build configuration list for PBXNativeTarget "kindergartenapp" */ = {
			isa = XCConfigurationList;
			buildConfigurations = (
				2C8AEA081D5F337C0069B3BD /* Debug */,
				2C8AEA091D5F337C0069B3BD /* Release */,
			);
			defaultConfigurationIsVisible = 0;
			defaultConfigurationName = Release;
		};
		2C8AEA0A1D5F337C0069B3BD /* Build configuration list for PBXNativeTarget "kindergartenappTests" */ = {
			isa = XCConfigurationList;
			buildConfigurations = (
				2C8AEA0B1D5F337C0069B3BD /* Debug */,
				2C8AEA0C1D5F337C0069B3BD /* Release */,
			);
			defaultConfigurationIsVisible = 0;
			defaultConfigurationName = Release;
		};
		2C8AEA0D1D5F337C0069B3BD /* Build configuration list for PBXNativeTarget "kindergartenappUITests" */ = {
			isa = XCConfigurationList;
			buildConfigurations = (
				2C8AEA0E1D5F337C0069B3BD /* Debug */,
				2C8AEA0F1D5F337C0069B3BD /* Release */,
			);
			defaultConfigurationIsVisible = 0;
			defaultConfigurationName = Release;
		};
/* End XCConfigurationList section */
	};
	rootObject = 2C8AE9D21D5F337B0069B3BD /* Project object */;
}
